
Microsoft Visual Studio Solution File, Format Version 12.00
# Visual Studio 15
VisualStudioVersion = 15.0.26730.16
MinimumVisualStudioVersion = 10.0.40219.1
Project("{9A19103F-16F7-4668-BE54-9A1E7A4F7556}") = "Kala", "Kala\Kala\Kala.csproj", "{A8AF1D1D-D295-4102-B900-C5795AB7D422}"
EndProject
Project("{FAE04EC0-301F-11D3-BF4B-00C04F79EFBC}") = "Kala.Droid", "Kala\Kala.Droid\Kala.Droid.csproj", "{F8B89C6B-8563-4B48-A1E4-B44708D93984}"
EndProject
Project("{9A19103F-16F7-4668-BE54-9A1E7A4F7556}") = "Demo", "..\Rg.Plugins.Popup-master\src\Demo\Demo\Demo.csproj", "{D24A529D-5A79-4F0D-95EF-33475D129FBD}"
EndProject
Project("{FAE04EC0-301F-11D3-BF4B-00C04F79EFBC}") = "Demo.Droid", "..\Rg.Plugins.Popup-master\src\Demo\Demo.Droid\Demo.Droid.csproj", "{2313B988-4902-41B3-B1F4-34C6CB96D1EC}"
EndProject
Global
	GlobalSection(SolutionConfigurationPlatforms) = preSolution
		Ad-Hoc|Any CPU = Ad-Hoc|Any CPU
		Ad-Hoc|ARM = Ad-Hoc|ARM
		Ad-Hoc|iPhone = Ad-Hoc|iPhone
		Ad-Hoc|iPhoneSimulator = Ad-Hoc|iPhoneSimulator
		Ad-Hoc|x64 = Ad-Hoc|x64
		Ad-Hoc|x86 = Ad-Hoc|x86
		AppStore|Any CPU = AppStore|Any CPU
		AppStore|ARM = AppStore|ARM
		AppStore|iPhone = AppStore|iPhone
		AppStore|iPhoneSimulator = AppStore|iPhoneSimulator
		AppStore|x64 = AppStore|x64
		AppStore|x86 = AppStore|x86
		Debug|Any CPU = Debug|Any CPU
		Debug|ARM = Debug|ARM
		Debug|iPhone = Debug|iPhone
		Debug|iPhoneSimulator = Debug|iPhoneSimulator
		Debug|x64 = Debug|x64
		Debug|x86 = Debug|x86
		Release|Any CPU = Release|Any CPU
		Release|ARM = Release|ARM
		Release|iPhone = Release|iPhone
		Release|iPhoneSimulator = Release|iPhoneSimulator
		Release|x64 = Release|x64
		Release|x86 = Release|x86
	EndGlobalSection
	GlobalSection(ProjectConfigurationPlatforms) = postSolution
		{A8AF1D1D-D295-4102-B900-C5795AB7D422}.Ad-Hoc|Any CPU.ActiveCfg = Release|Any CPU
		{A8AF1D1D-D295-4102-B900-C5795AB7D422}.Ad-Hoc|Any CPU.Build.0 = Release|Any CPU
		{A8AF1D1D-D295-4102-B900-C5795AB7D422}.Ad-Hoc|ARM.ActiveCfg = Release|Any CPU
		{A8AF1D1D-D295-4102-B900-C5795AB7D422}.Ad-Hoc|ARM.Build.0 = Release|Any CPU
		{A8AF1D1D-D295-4102-B900-C5795AB7D422}.Ad-Hoc|iPhone.ActiveCfg = Release|Any CPU
		{A8AF1D1D-D295-4102-B900-C5795AB7D422}.Ad-Hoc|iPhone.Build.0 = Release|Any CPU
		{A8AF1D1D-D295-4102-B900-C5795AB7D422}.Ad-Hoc|iPhoneSimulator.ActiveCfg = Release|Any CPU
		{A8AF1D1D-D295-4102-B900-C5795AB7D422}.Ad-Hoc|iPhoneSimulator.Build.0 = Release|Any CPU
		{A8AF1D1D-D295-4102-B900-C5795AB7D422}.Ad-Hoc|x64.ActiveCfg = Release|Any CPU
		{A8AF1D1D-D295-4102-B900-C5795AB7D422}.Ad-Hoc|x64.Build.0 = Release|Any CPU
		{A8AF1D1D-D295-4102-B900-C5795AB7D422}.Ad-Hoc|x86.ActiveCfg = Release|Any CPU
		{A8AF1D1D-D295-4102-B900-C5795AB7D422}.Ad-Hoc|x86.Build.0 = Release|Any CPU
		{A8AF1D1D-D295-4102-B900-C5795AB7D422}.AppStore|Any CPU.ActiveCfg = Release|Any CPU
		{A8AF1D1D-D295-4102-B900-C5795AB7D422}.AppStore|Any CPU.Build.0 = Release|Any CPU
		{A8AF1D1D-D295-4102-B900-C5795AB7D422}.AppStore|ARM.ActiveCfg = Release|Any CPU
		{A8AF1D1D-D295-4102-B900-C5795AB7D422}.AppStore|ARM.Build.0 = Release|Any CPU
		{A8AF1D1D-D295-4102-B900-C5795AB7D422}.AppStore|iPhone.ActiveCfg = Release|Any CPU
		{A8AF1D1D-D295-4102-B900-C5795AB7D422}.AppStore|iPhone.Build.0 = Release|Any CPU
		{A8AF1D1D-D295-4102-B900-C5795AB7D422}.AppStore|iPhoneSimulator.ActiveCfg = Release|Any CPU
		{A8AF1D1D-D295-4102-B900-C5795AB7D422}.AppStore|iPhoneSimulator.Build.0 = Release|Any CPU
		{A8AF1D1D-D295-4102-B900-C5795AB7D422}.AppStore|x64.ActiveCfg = Release|Any CPU
		{A8AF1D1D-D295-4102-B900-C5795AB7D422}.AppStore|x64.Build.0 = Release|Any CPU
		{A8AF1D1D-D295-4102-B900-C5795AB7D422}.AppStore|x86.ActiveCfg = Release|Any CPU
		{A8AF1D1D-D295-4102-B900-C5795AB7D422}.AppStore|x86.Build.0 = Release|Any CPU
		{A8AF1D1D-D295-4102-B900-C5795AB7D422}.Debug|Any CPU.ActiveCfg = Debug|Any CPU
		{A8AF1D1D-D295-4102-B900-C5795AB7D422}.Debug|Any CPU.Build.0 = Debug|Any CPU
		{A8AF1D1D-D295-4102-B900-C5795AB7D422}.Debug|ARM.ActiveCfg = Debug|Any CPU
		{A8AF1D1D-D295-4102-B900-C5795AB7D422}.Debug|ARM.Build.0 = Debug|Any CPU
		{A8AF1D1D-D295-4102-B900-C5795AB7D422}.Debug|iPhone.ActiveCfg = Debug|Any CPU
		{A8AF1D1D-D295-4102-B900-C5795AB7D422}.Debug|iPhone.Build.0 = Debug|Any CPU
		{A8AF1D1D-D295-4102-B900-C5795AB7D422}.Debug|iPhoneSimulator.ActiveCfg = Debug|Any CPU
		{A8AF1D1D-D295-4102-B900-C5795AB7D422}.Debug|iPhoneSimulator.Build.0 = Debug|Any CPU
		{A8AF1D1D-D295-4102-B900-C5795AB7D422}.Debug|x64.ActiveCfg = Debug|Any CPU
		{A8AF1D1D-D295-4102-B900-C5795AB7D422}.Debug|x64.Build.0 = Debug|Any CPU
		{A8AF1D1D-D295-4102-B900-C5795AB7D422}.Debug|x86.ActiveCfg = Debug|Any CPU
		{A8AF1D1D-D295-4102-B900-C5795AB7D422}.Debug|x86.Build.0 = Debug|Any CPU
		{A8AF1D1D-D295-4102-B900-C5795AB7D422}.Release|Any CPU.ActiveCfg = Release|Any CPU
		{A8AF1D1D-D295-4102-B900-C5795AB7D422}.Release|Any CPU.Build.0 = Release|Any CPU
		{A8AF1D1D-D295-4102-B900-C5795AB7D422}.Release|ARM.ActiveCfg = Release|Any CPU
		{A8AF1D1D-D295-4102-B900-C5795AB7D422}.Release|ARM.Build.0 = Release|Any CPU
		{A8AF1D1D-D295-4102-B900-C5795AB7D422}.Release|iPhone.ActiveCfg = Release|Any CPU
		{A8AF1D1D-D295-4102-B900-C5795AB7D422}.Release|iPhone.Build.0 = Release|Any CPU
		{A8AF1D1D-D295-4102-B900-C5795AB7D422}.Release|iPhoneSimulator.ActiveCfg = Release|Any CPU
		{A8AF1D1D-D295-4102-B900-C5795AB7D422}.Release|iPhoneSimulator.Build.0 = Release|Any CPU
		{A8AF1D1D-D295-4102-B900-C5795AB7D422}.Release|x64.ActiveCfg = Release|Any CPU
		{A8AF1D1D-D295-4102-B900-C5795AB7D422}.Release|x64.Build.0 = Release|Any CPU
		{A8AF1D1D-D295-4102-B900-C5795AB7D422}.Release|x86.ActiveCfg = Release|Any CPU
		{A8AF1D1D-D295-4102-B900-C5795AB7D422}.Release|x86.Build.0 = Release|Any CPU
		{F8B89C6B-8563-4B48-A1E4-B44708D93984}.Ad-Hoc|Any CPU.ActiveCfg = Release|Any CPU
		{F8B89C6B-8563-4B48-A1E4-B44708D93984}.Ad-Hoc|Any CPU.Build.0 = Release|Any CPU
		{F8B89C6B-8563-4B48-A1E4-B44708D93984}.Ad-Hoc|Any CPU.Deploy.0 = Release|Any CPU
		{F8B89C6B-8563-4B48-A1E4-B44708D93984}.Ad-Hoc|ARM.ActiveCfg = Release|Any CPU
		{F8B89C6B-8563-4B48-A1E4-B44708D93984}.Ad-Hoc|ARM.Build.0 = Release|Any CPU
		{F8B89C6B-8563-4B48-A1E4-B44708D93984}.Ad-Hoc|ARM.Deploy.0 = Release|Any CPU
		{F8B89C6B-8563-4B48-A1E4-B44708D93984}.Ad-Hoc|iPhone.ActiveCfg = Release|Any CPU
		{F8B89C6B-8563-4B48-A1E4-B44708D93984}.Ad-Hoc|iPhone.Build.0 = Release|Any CPU
		{F8B89C6B-8563-4B48-A1E4-B44708D93984}.Ad-Hoc|iPhone.Deploy.0 = Release|Any CPU
		{F8B89C6B-8563-4B48-A1E4-B44708D93984}.Ad-Hoc|iPhoneSimulator.ActiveCfg = Release|Any CPU
		{F8B89C6B-8563-4B48-A1E4-B44708D93984}.Ad-Hoc|iPhoneSimulator.Build.0 = Release|Any CPU
		{F8B89C6B-8563-4B48-A1E4-B44708D93984}.Ad-Hoc|iPhoneSimulator.Deploy.0 = Release|Any CPU
		{F8B89C6B-8563-4B48-A1E4-B44708D93984}.Ad-Hoc|x64.ActiveCfg = Release|Any CPU
		{F8B89C6B-8563-4B48-A1E4-B44708D93984}.Ad-Hoc|x64.Build.0 = Release|Any CPU
		{F8B89C6B-8563-4B48-A1E4-B44708D93984}.Ad-Hoc|x64.Deploy.0 = Release|Any CPU
		{F8B89C6B-8563-4B48-A1E4-B44708D93984}.Ad-Hoc|x86.ActiveCfg = Release|Any CPU
		{F8B89C6B-8563-4B48-A1E4-B44708D93984}.Ad-Hoc|x86.Build.0 = Release|Any CPU
		{F8B89C6B-8563-4B48-A1E4-B44708D93984}.Ad-Hoc|x86.Deploy.0 = Release|Any CPU
		{F8B89C6B-8563-4B48-A1E4-B44708D93984}.AppStore|Any CPU.ActiveCfg = Release|Any CPU
		{F8B89C6B-8563-4B48-A1E4-B44708D93984}.AppStore|Any CPU.Build.0 = Release|Any CPU
		{F8B89C6B-8563-4B48-A1E4-B44708D93984}.AppStore|Any CPU.Deploy.0 = Release|Any CPU
		{F8B89C6B-8563-4B48-A1E4-B44708D93984}.AppStore|ARM.ActiveCfg = Release|Any CPU
		{F8B89C6B-8563-4B48-A1E4-B44708D93984}.AppStore|ARM.Build.0 = Release|Any CPU
		{F8B89C6B-8563-4B48-A1E4-B44708D93984}.AppStore|ARM.Deploy.0 = Release|Any CPU
		{F8B89C6B-8563-4B48-A1E4-B44708D93984}.AppStore|iPhone.ActiveCfg = Release|Any CPU
		{F8B89C6B-8563-4B48-A1E4-B44708D93984}.AppStore|iPhone.Build.0 = Release|Any CPU
		{F8B89C6B-8563-4B48-A1E4-B44708D93984}.AppStore|iPhone.Deploy.0 = Release|Any CPU
		{F8B89C6B-8563-4B48-A1E4-B44708D93984}.AppStore|iPhoneSimulator.ActiveCfg = Release|Any CPU
		{F8B89C6B-8563-4B48-A1E4-B44708D93984}.AppStore|iPhoneSimulator.Build.0 = Release|Any CPU
		{F8B89C6B-8563-4B48-A1E4-B44708D93984}.AppStore|iPhoneSimulator.Deploy.0 = Release|Any CPU
		{F8B89C6B-8563-4B48-A1E4-B44708D93984}.AppStore|x64.ActiveCfg = Release|Any CPU
		{F8B89C6B-8563-4B48-A1E4-B44708D93984}.AppStore|x64.Build.0 = Release|Any CPU
		{F8B89C6B-8563-4B48-A1E4-B44708D93984}.AppStore|x64.Deploy.0 = Release|Any CPU
		{F8B89C6B-8563-4B48-A1E4-B44708D93984}.AppStore|x86.ActiveCfg = Release|Any CPU
		{F8B89C6B-8563-4B48-A1E4-B44708D93984}.AppStore|x86.Build.0 = Release|Any CPU
		{F8B89C6B-8563-4B48-A1E4-B44708D93984}.AppStore|x86.Deploy.0 = Release|Any CPU
		{F8B89C6B-8563-4B48-A1E4-B44708D93984}.Debug|Any CPU.ActiveCfg = Debug|Any CPU
		{F8B89C6B-8563-4B48-A1E4-B44708D93984}.Debug|Any CPU.Build.0 = Debug|Any CPU
		{F8B89C6B-8563-4B48-A1E4-B44708D93984}.Debug|Any CPU.Deploy.0 = Debug|Any CPU
		{F8B89C6B-8563-4B48-A1E4-B44708D93984}.Debug|ARM.ActiveCfg = Debug|Any CPU
		{F8B89C6B-8563-4B48-A1E4-B44708D93984}.Debug|ARM.Build.0 = Debug|Any CPU
		{F8B89C6B-8563-4B48-A1E4-B44708D93984}.Debug|ARM.Deploy.0 = Debug|Any CPU
		{F8B89C6B-8563-4B48-A1E4-B44708D93984}.Debug|iPhone.ActiveCfg = Debug|Any CPU
		{F8B89C6B-8563-4B48-A1E4-B44708D93984}.Debug|iPhone.Build.0 = Debug|Any CPU
		{F8B89C6B-8563-4B48-A1E4-B44708D93984}.Debug|iPhone.Deploy.0 = Debug|Any CPU
		{F8B89C6B-8563-4B48-A1E4-B44708D93984}.Debug|iPhoneSimulator.ActiveCfg = Debug|Any CPU
		{F8B89C6B-8563-4B48-A1E4-B44708D93984}.Debug|iPhoneSimulator.Build.0 = Debug|Any CPU
		{F8B89C6B-8563-4B48-A1E4-B44708D93984}.Debug|iPhoneSimulator.Deploy.0 = Debug|Any CPU
		{F8B89C6B-8563-4B48-A1E4-B44708D93984}.Debug|x64.ActiveCfg = Debug|Any CPU
		{F8B89C6B-8563-4B48-A1E4-B44708D93984}.Debug|x64.Build.0 = Debug|Any CPU
		{F8B89C6B-8563-4B48-A1E4-B44708D93984}.Debug|x64.Deploy.0 = Debug|Any CPU
		{F8B89C6B-8563-4B48-A1E4-B44708D93984}.Debug|x86.ActiveCfg = Debug|Any CPU
		{F8B89C6B-8563-4B48-A1E4-B44708D93984}.Debug|x86.Build.0 = Debug|Any CPU
		{F8B89C6B-8563-4B48-A1E4-B44708D93984}.Debug|x86.Deploy.0 = Debug|Any CPU
		{F8B89C6B-8563-4B48-A1E4-B44708D93984}.Release|Any CPU.ActiveCfg = Release|Any CPU
		{F8B89C6B-8563-4B48-A1E4-B44708D93984}.Release|Any CPU.Build.0 = Release|Any CPU
		{F8B89C6B-8563-4B48-A1E4-B44708D93984}.Release|Any CPU.Deploy.0 = Release|Any CPU
		{F8B89C6B-8563-4B48-A1E4-B44708D93984}.Release|ARM.ActiveCfg = Release|Any CPU
		{F8B89C6B-8563-4B48-A1E4-B44708D93984}.Release|ARM.Build.0 = Release|Any CPU
		{F8B89C6B-8563-4B48-A1E4-B44708D93984}.Release|ARM.Deploy.0 = Release|Any CPU
		{F8B89C6B-8563-4B48-A1E4-B44708D93984}.Release|iPhone.ActiveCfg = Release|Any CPU
		{F8B89C6B-8563-4B48-A1E4-B44708D93984}.Release|iPhone.Build.0 = Release|Any CPU
		{F8B89C6B-8563-4B48-A1E4-B44708D93984}.Release|iPhone.Deploy.0 = Release|Any CPU
		{F8B89C6B-8563-4B48-A1E4-B44708D93984}.Release|iPhoneSimulator.ActiveCfg = Release|Any CPU
		{F8B89C6B-8563-4B48-A1E4-B44708D93984}.Release|iPhoneSimulator.Build.0 = Release|Any CPU
		{F8B89C6B-8563-4B48-A1E4-B44708D93984}.Release|iPhoneSimulator.Deploy.0 = Release|Any CPU
		{F8B89C6B-8563-4B48-A1E4-B44708D93984}.Release|x64.ActiveCfg = Release|Any CPU
		{F8B89C6B-8563-4B48-A1E4-B44708D93984}.Release|x64.Build.0 = Release|Any CPU
		{F8B89C6B-8563-4B48-A1E4-B44708D93984}.Release|x64.Deploy.0 = Release|Any CPU
		{F8B89C6B-8563-4B48-A1E4-B44708D93984}.Release|x86.ActiveCfg = Release|Any CPU
		{F8B89C6B-8563-4B48-A1E4-B44708D93984}.Release|x86.Build.0 = Release|Any CPU
		{F8B89C6B-8563-4B48-A1E4-B44708D93984}.Release|x86.Deploy.0 = Release|Any CPU
		{D24A529D-5A79-4F0D-95EF-33475D129FBD}.Ad-Hoc|Any CPU.ActiveCfg = Debug|Any CPU
		{D24A529D-5A79-4F0D-95EF-33475D129FBD}.Ad-Hoc|Any CPU.Build.0 = Debug|Any CPU
		{D24A529D-5A79-4F0D-95EF-33475D129FBD}.Ad-Hoc|ARM.ActiveCfg = Debug|Any CPU
		{D24A529D-5A79-4F0D-95EF-33475D129FBD}.Ad-Hoc|ARM.Build.0 = Debug|Any CPU
		{D24A529D-5A79-4F0D-95EF-33475D129FBD}.Ad-Hoc|iPhone.ActiveCfg = Debug|Any CPU
		{D24A529D-5A79-4F0D-95EF-33475D129FBD}.Ad-Hoc|iPhone.Build.0 = Debug|Any CPU
		{D24A529D-5A79-4F0D-95EF-33475D129FBD}.Ad-Hoc|iPhoneSimulator.ActiveCfg = Debug|Any CPU
		{D24A529D-5A79-4F0D-95EF-33475D129FBD}.Ad-Hoc|iPhoneSimulator.Build.0 = Debug|Any CPU
		{D24A529D-5A79-4F0D-95EF-33475D129FBD}.Ad-Hoc|x64.ActiveCfg = Debug|Any CPU
		{D24A529D-5A79-4F0D-95EF-33475D129FBD}.Ad-Hoc|x64.Build.0 = Debug|Any CPU
		{D24A529D-5A79-4F0D-95EF-33475D129FBD}.Ad-Hoc|x86.ActiveCfg = Debug|Any CPU
		{D24A529D-5A79-4F0D-95EF-33475D129FBD}.Ad-Hoc|x86.Build.0 = Debug|Any CPU
		{D24A529D-5A79-4F0D-95EF-33475D129FBD}.AppStore|Any CPU.ActiveCfg = Debug|Any CPU
		{D24A529D-5A79-4F0D-95EF-33475D129FBD}.AppStore|Any CPU.Build.0 = Debug|Any CPU
		{D24A529D-5A79-4F0D-95EF-33475D129FBD}.AppStore|ARM.ActiveCfg = Debug|Any CPU
		{D24A529D-5A79-4F0D-95EF-33475D129FBD}.AppStore|ARM.Build.0 = Debug|Any CPU
		{D24A529D-5A79-4F0D-95EF-33475D129FBD}.AppStore|iPhone.ActiveCfg = Debug|Any CPU
		{D24A529D-5A79-4F0D-95EF-33475D129FBD}.AppStore|iPhone.Build.0 = Debug|Any CPU
		{D24A529D-5A79-4F0D-95EF-33475D129FBD}.AppStore|iPhoneSimulator.ActiveCfg = Debug|Any CPU
		{D24A529D-5A79-4F0D-95EF-33475D129FBD}.AppStore|iPhoneSimulator.Build.0 = Debug|Any CPU
		{D24A529D-5A79-4F0D-95EF-33475D129FBD}.AppStore|x64.ActiveCfg = Debug|Any CPU
		{D24A529D-5A79-4F0D-95EF-33475D129FBD}.AppStore|x64.Build.0 = Debug|Any CPU
		{D24A529D-5A79-4F0D-95EF-33475D129FBD}.AppStore|x86.ActiveCfg = Debug|Any CPU
		{D24A529D-5A79-4F0D-95EF-33475D129FBD}.AppStore|x86.Build.0 = Debug|Any CPU
		{D24A529D-5A79-4F0D-95EF-33475D129FBD}.Debug|Any CPU.ActiveCfg = Debug|Any CPU
		{D24A529D-5A79-4F0D-95EF-33475D129FBD}.Debug|Any CPU.Build.0 = Debug|Any CPU
		{D24A529D-5A79-4F0D-95EF-33475D129FBD}.Debug|ARM.ActiveCfg = Debug|Any CPU
		{D24A529D-5A79-4F0D-95EF-33475D129FBD}.Debug|ARM.Build.0 = Debug|Any CPU
		{D24A529D-5A79-4F0D-95EF-33475D129FBD}.Debug|iPhone.ActiveCfg = Debug|Any CPU
		{D24A529D-5A79-4F0D-95EF-33475D129FBD}.Debug|iPhone.Build.0 = Debug|Any CPU
		{D24A529D-5A79-4F0D-95EF-33475D129FBD}.Debug|iPhoneSimulator.ActiveCfg = Debug|Any CPU
		{D24A529D-5A79-4F0D-95EF-33475D129FBD}.Debug|iPhoneSimulator.Build.0 = Debug|Any CPU
		{D24A529D-5A79-4F0D-95EF-33475D129FBD}.Debug|x64.ActiveCfg = Debug|Any CPU
		{D24A529D-5A79-4F0D-95EF-33475D129FBD}.Debug|x64.Build.0 = Debug|Any CPU
		{D24A529D-5A79-4F0D-95EF-33475D129FBD}.Debug|x86.ActiveCfg = Debug|Any CPU
		{D24A529D-5A79-4F0D-95EF-33475D129FBD}.Debug|x86.Build.0 = Debug|Any CPU
		{D24A529D-5A79-4F0D-95EF-33475D129FBD}.Release|Any CPU.ActiveCfg = Release|Any CPU
		{D24A529D-5A79-4F0D-95EF-33475D129FBD}.Release|Any CPU.Build.0 = Release|Any CPU
		{D24A529D-5A79-4F0D-95EF-33475D129FBD}.Release|ARM.ActiveCfg = Release|Any CPU
		{D24A529D-5A79-4F0D-95EF-33475D129FBD}.Release|ARM.Build.0 = Release|Any CPU
		{D24A529D-5A79-4F0D-95EF-33475D129FBD}.Release|iPhone.ActiveCfg = Release|Any CPU
		{D24A529D-5A79-4F0D-95EF-33475D129FBD}.Release|iPhone.Build.0 = Release|Any CPU
		{D24A529D-5A79-4F0D-95EF-33475D129FBD}.Release|iPhoneSimulator.ActiveCfg = Release|Any CPU
		{D24A529D-5A79-4F0D-95EF-33475D129FBD}.Release|iPhoneSimulator.Build.0 = Release|Any CPU
		{D24A529D-5A79-4F0D-95EF-33475D129FBD}.Release|x64.ActiveCfg = Release|Any CPU
		{D24A529D-5A79-4F0D-95EF-33475D129FBD}.Release|x64.Build.0 = Release|Any CPU
		{D24A529D-5A79-4F0D-95EF-33475D129FBD}.Release|x86.ActiveCfg = Release|Any CPU
		{D24A529D-5A79-4F0D-95EF-33475D129FBD}.Release|x86.Build.0 = Release|Any CPU
		{2313B988-4902-41B3-B1F4-34C6CB96D1EC}.Ad-Hoc|Any CPU.ActiveCfg = Release|Any CPU
		{2313B988-4902-41B3-B1F4-34C6CB96D1EC}.Ad-Hoc|Any CPU.Build.0 = Release|Any CPU
		{2313B988-4902-41B3-B1F4-34C6CB96D1EC}.Ad-Hoc|Any CPU.Deploy.0 = Release|Any CPU
		{2313B988-4902-41B3-B1F4-34C6CB96D1EC}.Ad-Hoc|ARM.ActiveCfg = Release|Any CPU
		{2313B988-4902-41B3-B1F4-34C6CB96D1EC}.Ad-Hoc|ARM.Build.0 = Release|Any CPU
		{2313B988-4902-41B3-B1F4-34C6CB96D1EC}.Ad-Hoc|ARM.Deploy.0 = Release|Any CPU
		{2313B988-4902-41B3-B1F4-34C6CB96D1EC}.Ad-Hoc|iPhone.ActiveCfg = Release|Any CPU
		{2313B988-4902-41B3-B1F4-34C6CB96D1EC}.Ad-Hoc|iPhone.Build.0 = Release|Any CPU
		{2313B988-4902-41B3-B1F4-34C6CB96D1EC}.Ad-Hoc|iPhone.Deploy.0 = Release|Any CPU
		{2313B988-4902-41B3-B1F4-34C6CB96D1EC}.Ad-Hoc|iPhoneSimulator.ActiveCfg = Release|Any CPU
		{2313B988-4902-41B3-B1F4-34C6CB96D1EC}.Ad-Hoc|iPhoneSimulator.Build.0 = Release|Any CPU
		{2313B988-4902-41B3-B1F4-34C6CB96D1EC}.Ad-Hoc|iPhoneSimulator.Deploy.0 = Release|Any CPU
		{2313B988-4902-41B3-B1F4-34C6CB96D1EC}.Ad-Hoc|x64.ActiveCfg = Release|Any CPU
		{2313B988-4902-41B3-B1F4-34C6CB96D1EC}.Ad-Hoc|x64.Build.0 = Release|Any CPU
		{2313B988-4902-41B3-B1F4-34C6CB96D1EC}.Ad-Hoc|x64.Deploy.0 = Release|Any CPU
		{2313B988-4902-41B3-B1F4-34C6CB96D1EC}.Ad-Hoc|x86.ActiveCfg = Release|Any CPU
		{2313B988-4902-41B3-B1F4-34C6CB96D1EC}.Ad-Hoc|x86.Build.0 = Release|Any CPU
		{2313B988-4902-41B3-B1F4-34C6CB96D1EC}.Ad-Hoc|x86.Deploy.0 = Release|Any CPU
		{2313B988-4902-41B3-B1F4-34C6CB96D1EC}.AppStore|Any CPU.ActiveCfg = Release|Any CPU
		{2313B988-4902-41B3-B1F4-34C6CB96D1EC}.AppStore|Any CPU.Build.0 = Release|Any CPU
		{2313B988-4902-41B3-B1F4-34C6CB96D1EC}.AppStore|Any CPU.Deploy.0 = Release|Any CPU
		{2313B988-4902-41B3-B1F4-34C6CB96D1EC}.AppStore|ARM.ActiveCfg = Release|Any CPU
		{2313B988-4902-41B3-B1F4-34C6CB96D1EC}.AppStore|ARM.Build.0 = Release|Any CPU
		{2313B988-4902-41B3-B1F4-34C6CB96D1EC}.AppStore|ARM.Deploy.0 = Release|Any CPU
		{2313B988-4902-41B3-B1F4-34C6CB96D1EC}.AppStore|iPhone.ActiveCfg = Release|Any CPU
		{2313B988-4902-41B3-B1F4-34C6CB96D1EC}.AppStore|iPhone.Build.0 = Release|Any CPU
		{2313B988-4902-41B3-B1F4-34C6CB96D1EC}.AppStore|iPhone.Deploy.0 = Release|Any CPU
		{2313B988-4902-41B3-B1F4-34C6CB96D1EC}.AppStore|iPhoneSimulator.ActiveCfg = Release|Any CPU
		{2313B988-4902-41B3-B1F4-34C6CB96D1EC}.AppStore|iPhoneSimulator.Build.0 = Release|Any CPU
		{2313B988-4902-41B3-B1F4-34C6CB96D1EC}.AppStore|iPhoneSimulator.Deploy.0 = Release|Any CPU
		{2313B988-4902-41B3-B1F4-34C6CB96D1EC}.AppStore|x64.ActiveCfg = Release|Any CPU
		{2313B988-4902-41B3-B1F4-34C6CB96D1EC}.AppStore|x64.Build.0 = Release|Any CPU
		{2313B988-4902-41B3-B1F4-34C6CB96D1EC}.AppStore|x64.Deploy.0 = Release|Any CPU
		{2313B988-4902-41B3-B1F4-34C6CB96D1EC}.AppStore|x86.ActiveCfg = Release|Any CPU
		{2313B988-4902-41B3-B1F4-34C6CB96D1EC}.AppStore|x86.Build.0 = Release|Any CPU
		{2313B988-4902-41B3-B1F4-34C6CB96D1EC}.AppStore|x86.Deploy.0 = Release|Any CPU
		{2313B988-4902-41B3-B1F4-34C6CB96D1EC}.Debug|Any CPU.ActiveCfg = Debug|Any CPU
		{2313B988-4902-41B3-B1F4-34C6CB96D1EC}.Debug|Any CPU.Build.0 = Debug|Any CPU
		{2313B988-4902-41B3-B1F4-34C6CB96D1EC}.Debug|Any CPU.Deploy.0 = Debug|Any CPU
		{2313B988-4902-41B3-B1F4-34C6CB96D1EC}.Debug|ARM.ActiveCfg = Debug|Any CPU
		{2313B988-4902-41B3-B1F4-34C6CB96D1EC}.Debug|ARM.Build.0 = Debug|Any CPU
		{2313B988-4902-41B3-B1F4-34C6CB96D1EC}.Debug|ARM.Deploy.0 = Debug|Any CPU
		{2313B988-4902-41B3-B1F4-34C6CB96D1EC}.Debug|iPhone.ActiveCfg = Debug|Any CPU
		{2313B988-4902-41B3-B1F4-34C6CB96D1EC}.Debug|iPhone.Build.0 = Debug|Any CPU
		{2313B988-4902-41B3-B1F4-34C6CB96D1EC}.Debug|iPhone.Deploy.0 = Debug|Any CPU
		{2313B988-4902-41B3-B1F4-34C6CB96D1EC}.Debug|iPhoneSimulator.ActiveCfg = Debug|Any CPU
		{2313B988-4902-41B3-B1F4-34C6CB96D1EC}.Debug|iPhoneSimulator.Build.0 = Debug|Any CPU
		{2313B988-4902-41B3-B1F4-34C6CB96D1EC}.Debug|iPhoneSimulator.Deploy.0 = Debug|Any CPU
		{2313B988-4902-41B3-B1F4-34C6CB96D1EC}.Debug|x64.ActiveCfg = Debug|Any CPU
		{2313B988-4902-41B3-B1F4-34C6CB96D1EC}.Debug|x64.Build.0 = Debug|Any CPU
		{2313B988-4902-41B3-B1F4-34C6CB96D1EC}.Debug|x64.Deploy.0 = Debug|Any CPU
		{2313B988-4902-41B3-B1F4-34C6CB96D1EC}.Debug|x86.ActiveCfg = Debug|Any CPU
		{2313B988-4902-41B3-B1F4-34C6CB96D1EC}.Debug|x86.Build.0 = Debug|Any CPU
		{2313B988-4902-41B3-B1F4-34C6CB96D1EC}.Debug|x86.Deploy.0 = Debug|Any CPU
		{2313B988-4902-41B3-B1F4-34C6CB96D1EC}.Release|Any CPU.ActiveCfg = Release|Any CPU
		{2313B988-4902-41B3-B1F4-34C6CB96D1EC}.Release|Any CPU.Build.0 = Release|Any CPU
		{2313B988-4902-41B3-B1F4-34C6CB96D1EC}.Release|Any CPU.Deploy.0 = Release|Any CPU
		{2313B988-4902-41B3-B1F4-34C6CB96D1EC}.Release|ARM.ActiveCfg = Release|Any CPU
		{2313B988-4902-41B3-B1F4-34C6CB96D1EC}.Release|ARM.Build.0 = Release|Any CPU
		{2313B988-4902-41B3-B1F4-34C6CB96D1EC}.Release|ARM.Deploy.0 = Release|Any CPU
		{2313B988-4902-41B3-B1F4-34C6CB96D1EC}.Release|iPhone.ActiveCfg = Release|Any CPU
		{2313B988-4902-41B3-B1F4-34C6CB96D1EC}.Release|iPhone.Build.0 = Release|Any CPU
		{2313B988-4902-41B3-B1F4-34C6CB96D1EC}.Release|iPhone.Deploy.0 = Release|Any CPU
		{2313B988-4902-41B3-B1F4-34C6CB96D1EC}.Release|iPhoneSimulator.ActiveCfg = Release|Any CPU
		{2313B988-4902-41B3-B1F4-34C6CB96D1EC}.Release|iPhoneSimulator.Build.0 = Release|Any CPU
		{2313B988-4902-41B3-B1F4-34C6CB96D1EC}.Release|iPhoneSimulator.Deploy.0 = Release|Any CPU
		{2313B988-4902-41B3-B1F4-34C6CB96D1EC}.Release|x64.ActiveCfg = Release|Any CPU
		{2313B988-4902-41B3-B1F4-34C6CB96D1EC}.Release|x64.Build.0 = Release|Any CPU
		{2313B988-4902-41B3-B1F4-34C6CB96D1EC}.Release|x64.Deploy.0 = Release|Any CPU
		{2313B988-4902-41B3-B1F4-34C6CB96D1EC}.Release|x86.ActiveCfg = Release|Any CPU
		{2313B988-4902-41B3-B1F4-34C6CB96D1EC}.Release|x86.Build.0 = Release|Any CPU
		{2313B988-4902-41B3-B1F4-34C6CB96D1EC}.Release|x86.Deploy.0 = Release|Any CPU
	EndGlobalSection
	GlobalSection(SolutionProperties) = preSolution
		HideSolutionNode = FALSE
	EndGlobalSection
	GlobalSection(ExtensibilityGlobals) = postSolution
		SolutionGuid = {31F5D527-8289-463F-AF74-F1599A1798B5}
	EndGlobalSection
EndGlobal
