
Microsoft Visual Studio Solution File, Format Version 12.00
# Visual Studio 14
VisualStudioVersion = 14.0.25420.1
MinimumVisualStudioVersion = 10.0.40219.1
Project("{FAE04EC0-301F-11D3-BF4B-00C04F79EFBC}") = "Kala", "Kala\Kala\Kala.csproj", "{72B4AB09-9373-4377-B30B-4251A297A55A}"
EndProject
Project("{FAE04EC0-301F-11D3-BF4B-00C04F79EFBC}") = "Kala.Droid", "Kala\Kala.Droid\Kala.Droid.csproj", "{83CCB75E-FC17-468D-BA5A-7491B065C08E}"
EndProject
Project("{FAE04EC0-301F-11D3-BF4B-00C04F79EFBC}") = "Kala.iOS", "Kala\Kala.iOS\Kala.iOS.csproj", "{A1798E78-D2EB-46F5-AD2D-28DF7D7B4F0C}"
EndProject
Project("{FAE04EC0-301F-11D3-BF4B-00C04F79EFBC}") = "Kala.WinPhone", "Kala\Kala.WinPhone\Kala.WinPhone.csproj", "{509896F1-3858-44B1-A679-64F329B682E9}"
EndProject
Project("{FAE04EC0-301F-11D3-BF4B-00C04F79EFBC}") = "Kala.UWP", "Kala\Kala.UWP\Kala.UWP.csproj", "{E56430E3-2F9B-415F-A9B9-A25E413C1DCF}"
EndProject
Project("{FAE04EC0-301F-11D3-BF4B-00C04F79EFBC}") = "Kala.Windows", "Kala\Kala.Windows\Kala.Windows.csproj", "{4269737D-4803-4E50-841B-89C9EA888595}"
EndProject
Project("{2150E333-8FDC-42A3-9474-1A3956D46DE8}") = "Screenshots", "Screenshots", "{C5810A35-AE9C-46FF-A169-C544027F2C85}"
	ProjectSection(SolutionItems) = preProject
		Screenshots\Sitemap, 4x3.png = Screenshots\Sitemap, 4x3.png
		Screenshots\Sitemap, 5x3.png = Screenshots\Sitemap, 5x3.png
		Screenshots\Sitemap, 6x3.png = Screenshots\Sitemap, 6x3.png
	EndProjectSection
EndProject
Project("{2150E333-8FDC-42A3-9474-1A3956D46DE8}") = "Div", "Div", "{886233D7-8987-4878-BFFE-1AD8B1FB2B8F}"
	ProjectSection(SolutionItems) = preProject
		Div\gpl3.txt = Div\gpl3.txt
		Div\LICENSE - github.com#chrispellett#Xamarin-Forms-Shape.txt = Div\LICENSE - github.com#chrispellett#Xamarin-Forms-Shape.txt
		Div\LICENSE - github.com#jamesmontemagno#monodroidtoolkit.txt = Div\LICENSE - github.com#jamesmontemagno#monodroidtoolkit.txt
	EndProjectSection
EndProject
Global
	GlobalSection(SolutionConfigurationPlatforms) = preSolution
		Ad-Hoc|Any CPU = Ad-Hoc|Any CPU
		Ad-Hoc|ARM = Ad-Hoc|ARM
		Ad-Hoc|iPhone = Ad-Hoc|iPhone
		Ad-Hoc|iPhoneSimulator = Ad-Hoc|iPhoneSimulator
		Ad-Hoc|x64 = Ad-Hoc|x64
		Ad-Hoc|x86 = Ad-Hoc|x86
		AppStore|Any CPU = AppStore|Any CPU
		AppStore|ARM = AppStore|ARM
		AppStore|iPhone = AppStore|iPhone
		AppStore|iPhoneSimulator = AppStore|iPhoneSimulator
		AppStore|x64 = AppStore|x64
		AppStore|x86 = AppStore|x86
		Debug|Any CPU = Debug|Any CPU
		Debug|ARM = Debug|ARM
		Debug|iPhone = Debug|iPhone
		Debug|iPhoneSimulator = Debug|iPhoneSimulator
		Debug|x64 = Debug|x64
		Debug|x86 = Debug|x86
		DebugAdvList|Any CPU = DebugAdvList|Any CPU
		DebugAdvList|ARM = DebugAdvList|ARM
		DebugAdvList|iPhone = DebugAdvList|iPhone
		DebugAdvList|iPhoneSimulator = DebugAdvList|iPhoneSimulator
		DebugAdvList|x64 = DebugAdvList|x64
		DebugAdvList|x86 = DebugAdvList|x86
		Release|Any CPU = Release|Any CPU
		Release|ARM = Release|ARM
		Release|iPhone = Release|iPhone
		Release|iPhoneSimulator = Release|iPhoneSimulator
		Release|x64 = Release|x64
		Release|x86 = Release|x86
	EndGlobalSection
	GlobalSection(ProjectConfigurationPlatforms) = postSolution
		{72B4AB09-9373-4377-B30B-4251A297A55A}.Ad-Hoc|Any CPU.ActiveCfg = Release|Any CPU
		{72B4AB09-9373-4377-B30B-4251A297A55A}.Ad-Hoc|Any CPU.Build.0 = Release|Any CPU
		{72B4AB09-9373-4377-B30B-4251A297A55A}.Ad-Hoc|ARM.ActiveCfg = Release|Any CPU
		{72B4AB09-9373-4377-B30B-4251A297A55A}.Ad-Hoc|ARM.Build.0 = Release|Any CPU
		{72B4AB09-9373-4377-B30B-4251A297A55A}.Ad-Hoc|iPhone.ActiveCfg = Release|Any CPU
		{72B4AB09-9373-4377-B30B-4251A297A55A}.Ad-Hoc|iPhone.Build.0 = Release|Any CPU
		{72B4AB09-9373-4377-B30B-4251A297A55A}.Ad-Hoc|iPhoneSimulator.ActiveCfg = Release|Any CPU
		{72B4AB09-9373-4377-B30B-4251A297A55A}.Ad-Hoc|iPhoneSimulator.Build.0 = Release|Any CPU
		{72B4AB09-9373-4377-B30B-4251A297A55A}.Ad-Hoc|x64.ActiveCfg = Release|Any CPU
		{72B4AB09-9373-4377-B30B-4251A297A55A}.Ad-Hoc|x64.Build.0 = Release|Any CPU
		{72B4AB09-9373-4377-B30B-4251A297A55A}.Ad-Hoc|x86.ActiveCfg = Release|Any CPU
		{72B4AB09-9373-4377-B30B-4251A297A55A}.Ad-Hoc|x86.Build.0 = Release|Any CPU
		{72B4AB09-9373-4377-B30B-4251A297A55A}.AppStore|Any CPU.ActiveCfg = Release|Any CPU
		{72B4AB09-9373-4377-B30B-4251A297A55A}.AppStore|Any CPU.Build.0 = Release|Any CPU
		{72B4AB09-9373-4377-B30B-4251A297A55A}.AppStore|ARM.ActiveCfg = Release|Any CPU
		{72B4AB09-9373-4377-B30B-4251A297A55A}.AppStore|ARM.Build.0 = Release|Any CPU
		{72B4AB09-9373-4377-B30B-4251A297A55A}.AppStore|iPhone.ActiveCfg = Release|Any CPU
		{72B4AB09-9373-4377-B30B-4251A297A55A}.AppStore|iPhone.Build.0 = Release|Any CPU
		{72B4AB09-9373-4377-B30B-4251A297A55A}.AppStore|iPhoneSimulator.ActiveCfg = Release|Any CPU
		{72B4AB09-9373-4377-B30B-4251A297A55A}.AppStore|iPhoneSimulator.Build.0 = Release|Any CPU
		{72B4AB09-9373-4377-B30B-4251A297A55A}.AppStore|x64.ActiveCfg = Release|Any CPU
		{72B4AB09-9373-4377-B30B-4251A297A55A}.AppStore|x64.Build.0 = Release|Any CPU
		{72B4AB09-9373-4377-B30B-4251A297A55A}.AppStore|x86.ActiveCfg = Release|Any CPU
		{72B4AB09-9373-4377-B30B-4251A297A55A}.AppStore|x86.Build.0 = Release|Any CPU
		{72B4AB09-9373-4377-B30B-4251A297A55A}.Debug|Any CPU.ActiveCfg = Debug|Any CPU
		{72B4AB09-9373-4377-B30B-4251A297A55A}.Debug|Any CPU.Build.0 = Debug|Any CPU
		{72B4AB09-9373-4377-B30B-4251A297A55A}.Debug|ARM.ActiveCfg = Debug|Any CPU
		{72B4AB09-9373-4377-B30B-4251A297A55A}.Debug|ARM.Build.0 = Debug|Any CPU
		{72B4AB09-9373-4377-B30B-4251A297A55A}.Debug|iPhone.ActiveCfg = Debug|Any CPU
		{72B4AB09-9373-4377-B30B-4251A297A55A}.Debug|iPhone.Build.0 = Debug|Any CPU
		{72B4AB09-9373-4377-B30B-4251A297A55A}.Debug|iPhoneSimulator.ActiveCfg = Debug|Any CPU
		{72B4AB09-9373-4377-B30B-4251A297A55A}.Debug|iPhoneSimulator.Build.0 = Debug|Any CPU
		{72B4AB09-9373-4377-B30B-4251A297A55A}.Debug|x64.ActiveCfg = Debug|Any CPU
		{72B4AB09-9373-4377-B30B-4251A297A55A}.Debug|x64.Build.0 = Debug|Any CPU
		{72B4AB09-9373-4377-B30B-4251A297A55A}.Debug|x86.ActiveCfg = Debug|Any CPU
		{72B4AB09-9373-4377-B30B-4251A297A55A}.Debug|x86.Build.0 = Debug|Any CPU
		{72B4AB09-9373-4377-B30B-4251A297A55A}.DebugAdvList|Any CPU.ActiveCfg = Debug|Any CPU
		{72B4AB09-9373-4377-B30B-4251A297A55A}.DebugAdvList|Any CPU.Build.0 = Debug|Any CPU
		{72B4AB09-9373-4377-B30B-4251A297A55A}.DebugAdvList|ARM.ActiveCfg = Debug|Any CPU
		{72B4AB09-9373-4377-B30B-4251A297A55A}.DebugAdvList|ARM.Build.0 = Debug|Any CPU
		{72B4AB09-9373-4377-B30B-4251A297A55A}.DebugAdvList|iPhone.ActiveCfg = Debug|Any CPU
		{72B4AB09-9373-4377-B30B-4251A297A55A}.DebugAdvList|iPhone.Build.0 = Debug|Any CPU
		{72B4AB09-9373-4377-B30B-4251A297A55A}.DebugAdvList|iPhoneSimulator.ActiveCfg = Debug|Any CPU
		{72B4AB09-9373-4377-B30B-4251A297A55A}.DebugAdvList|iPhoneSimulator.Build.0 = Debug|Any CPU
		{72B4AB09-9373-4377-B30B-4251A297A55A}.DebugAdvList|x64.ActiveCfg = Debug|Any CPU
		{72B4AB09-9373-4377-B30B-4251A297A55A}.DebugAdvList|x64.Build.0 = Debug|Any CPU
		{72B4AB09-9373-4377-B30B-4251A297A55A}.DebugAdvList|x86.ActiveCfg = Debug|Any CPU
		{72B4AB09-9373-4377-B30B-4251A297A55A}.DebugAdvList|x86.Build.0 = Debug|Any CPU
		{72B4AB09-9373-4377-B30B-4251A297A55A}.Release|Any CPU.ActiveCfg = Release|Any CPU
		{72B4AB09-9373-4377-B30B-4251A297A55A}.Release|Any CPU.Build.0 = Release|Any CPU
		{72B4AB09-9373-4377-B30B-4251A297A55A}.Release|ARM.ActiveCfg = Release|Any CPU
		{72B4AB09-9373-4377-B30B-4251A297A55A}.Release|ARM.Build.0 = Release|Any CPU
		{72B4AB09-9373-4377-B30B-4251A297A55A}.Release|iPhone.ActiveCfg = Release|Any CPU
		{72B4AB09-9373-4377-B30B-4251A297A55A}.Release|iPhone.Build.0 = Release|Any CPU
		{72B4AB09-9373-4377-B30B-4251A297A55A}.Release|iPhoneSimulator.ActiveCfg = Release|Any CPU
		{72B4AB09-9373-4377-B30B-4251A297A55A}.Release|iPhoneSimulator.Build.0 = Release|Any CPU
		{72B4AB09-9373-4377-B30B-4251A297A55A}.Release|x64.ActiveCfg = Release|Any CPU
		{72B4AB09-9373-4377-B30B-4251A297A55A}.Release|x64.Build.0 = Release|Any CPU
		{72B4AB09-9373-4377-B30B-4251A297A55A}.Release|x86.ActiveCfg = Release|Any CPU
		{72B4AB09-9373-4377-B30B-4251A297A55A}.Release|x86.Build.0 = Release|Any CPU
		{83CCB75E-FC17-468D-BA5A-7491B065C08E}.Ad-Hoc|Any CPU.ActiveCfg = Release|Any CPU
		{83CCB75E-FC17-468D-BA5A-7491B065C08E}.Ad-Hoc|Any CPU.Build.0 = Release|Any CPU
		{83CCB75E-FC17-468D-BA5A-7491B065C08E}.Ad-Hoc|Any CPU.Deploy.0 = Release|Any CPU
		{83CCB75E-FC17-468D-BA5A-7491B065C08E}.Ad-Hoc|ARM.ActiveCfg = Release|Any CPU
		{83CCB75E-FC17-468D-BA5A-7491B065C08E}.Ad-Hoc|ARM.Build.0 = Release|Any CPU
		{83CCB75E-FC17-468D-BA5A-7491B065C08E}.Ad-Hoc|ARM.Deploy.0 = Release|Any CPU
		{83CCB75E-FC17-468D-BA5A-7491B065C08E}.Ad-Hoc|iPhone.ActiveCfg = Release|Any CPU
		{83CCB75E-FC17-468D-BA5A-7491B065C08E}.Ad-Hoc|iPhone.Build.0 = Release|Any CPU
		{83CCB75E-FC17-468D-BA5A-7491B065C08E}.Ad-Hoc|iPhone.Deploy.0 = Release|Any CPU
		{83CCB75E-FC17-468D-BA5A-7491B065C08E}.Ad-Hoc|iPhoneSimulator.ActiveCfg = Release|Any CPU
		{83CCB75E-FC17-468D-BA5A-7491B065C08E}.Ad-Hoc|iPhoneSimulator.Build.0 = Release|Any CPU
		{83CCB75E-FC17-468D-BA5A-7491B065C08E}.Ad-Hoc|iPhoneSimulator.Deploy.0 = Release|Any CPU
		{83CCB75E-FC17-468D-BA5A-7491B065C08E}.Ad-Hoc|x64.ActiveCfg = Release|Any CPU
		{83CCB75E-FC17-468D-BA5A-7491B065C08E}.Ad-Hoc|x64.Build.0 = Release|Any CPU
		{83CCB75E-FC17-468D-BA5A-7491B065C08E}.Ad-Hoc|x64.Deploy.0 = Release|Any CPU
		{83CCB75E-FC17-468D-BA5A-7491B065C08E}.Ad-Hoc|x86.ActiveCfg = Release|Any CPU
		{83CCB75E-FC17-468D-BA5A-7491B065C08E}.Ad-Hoc|x86.Build.0 = Release|Any CPU
		{83CCB75E-FC17-468D-BA5A-7491B065C08E}.Ad-Hoc|x86.Deploy.0 = Release|Any CPU
		{83CCB75E-FC17-468D-BA5A-7491B065C08E}.AppStore|Any CPU.ActiveCfg = Release|Any CPU
		{83CCB75E-FC17-468D-BA5A-7491B065C08E}.AppStore|Any CPU.Build.0 = Release|Any CPU
		{83CCB75E-FC17-468D-BA5A-7491B065C08E}.AppStore|Any CPU.Deploy.0 = Release|Any CPU
		{83CCB75E-FC17-468D-BA5A-7491B065C08E}.AppStore|ARM.ActiveCfg = Release|Any CPU
		{83CCB75E-FC17-468D-BA5A-7491B065C08E}.AppStore|ARM.Build.0 = Release|Any CPU
		{83CCB75E-FC17-468D-BA5A-7491B065C08E}.AppStore|ARM.Deploy.0 = Release|Any CPU
		{83CCB75E-FC17-468D-BA5A-7491B065C08E}.AppStore|iPhone.ActiveCfg = Release|Any CPU
		{83CCB75E-FC17-468D-BA5A-7491B065C08E}.AppStore|iPhone.Build.0 = Release|Any CPU
		{83CCB75E-FC17-468D-BA5A-7491B065C08E}.AppStore|iPhone.Deploy.0 = Release|Any CPU
		{83CCB75E-FC17-468D-BA5A-7491B065C08E}.AppStore|iPhoneSimulator.ActiveCfg = Release|Any CPU
		{83CCB75E-FC17-468D-BA5A-7491B065C08E}.AppStore|iPhoneSimulator.Build.0 = Release|Any CPU
		{83CCB75E-FC17-468D-BA5A-7491B065C08E}.AppStore|iPhoneSimulator.Deploy.0 = Release|Any CPU
		{83CCB75E-FC17-468D-BA5A-7491B065C08E}.AppStore|x64.ActiveCfg = Release|Any CPU
		{83CCB75E-FC17-468D-BA5A-7491B065C08E}.AppStore|x64.Build.0 = Release|Any CPU
		{83CCB75E-FC17-468D-BA5A-7491B065C08E}.AppStore|x64.Deploy.0 = Release|Any CPU
		{83CCB75E-FC17-468D-BA5A-7491B065C08E}.AppStore|x86.ActiveCfg = Release|Any CPU
		{83CCB75E-FC17-468D-BA5A-7491B065C08E}.AppStore|x86.Build.0 = Release|Any CPU
		{83CCB75E-FC17-468D-BA5A-7491B065C08E}.AppStore|x86.Deploy.0 = Release|Any CPU
		{83CCB75E-FC17-468D-BA5A-7491B065C08E}.Debug|Any CPU.ActiveCfg = Debug|Any CPU
		{83CCB75E-FC17-468D-BA5A-7491B065C08E}.Debug|Any CPU.Build.0 = Debug|Any CPU
		{83CCB75E-FC17-468D-BA5A-7491B065C08E}.Debug|Any CPU.Deploy.0 = Debug|Any CPU
		{83CCB75E-FC17-468D-BA5A-7491B065C08E}.Debug|ARM.ActiveCfg = Debug|Any CPU
		{83CCB75E-FC17-468D-BA5A-7491B065C08E}.Debug|ARM.Build.0 = Debug|Any CPU
		{83CCB75E-FC17-468D-BA5A-7491B065C08E}.Debug|ARM.Deploy.0 = Debug|Any CPU
		{83CCB75E-FC17-468D-BA5A-7491B065C08E}.Debug|iPhone.ActiveCfg = Debug|Any CPU
		{83CCB75E-FC17-468D-BA5A-7491B065C08E}.Debug|iPhone.Build.0 = Debug|Any CPU
		{83CCB75E-FC17-468D-BA5A-7491B065C08E}.Debug|iPhone.Deploy.0 = Debug|Any CPU
		{83CCB75E-FC17-468D-BA5A-7491B065C08E}.Debug|iPhoneSimulator.ActiveCfg = Debug|Any CPU
		{83CCB75E-FC17-468D-BA5A-7491B065C08E}.Debug|iPhoneSimulator.Build.0 = Debug|Any CPU
		{83CCB75E-FC17-468D-BA5A-7491B065C08E}.Debug|iPhoneSimulator.Deploy.0 = Debug|Any CPU
		{83CCB75E-FC17-468D-BA5A-7491B065C08E}.Debug|x64.ActiveCfg = Debug|Any CPU
		{83CCB75E-FC17-468D-BA5A-7491B065C08E}.Debug|x64.Build.0 = Debug|Any CPU
		{83CCB75E-FC17-468D-BA5A-7491B065C08E}.Debug|x64.Deploy.0 = Debug|Any CPU
		{83CCB75E-FC17-468D-BA5A-7491B065C08E}.Debug|x86.ActiveCfg = Debug|Any CPU
		{83CCB75E-FC17-468D-BA5A-7491B065C08E}.Debug|x86.Build.0 = Debug|Any CPU
		{83CCB75E-FC17-468D-BA5A-7491B065C08E}.Debug|x86.Deploy.0 = Debug|Any CPU
		{83CCB75E-FC17-468D-BA5A-7491B065C08E}.DebugAdvList|Any CPU.ActiveCfg = Debug|Any CPU
		{83CCB75E-FC17-468D-BA5A-7491B065C08E}.DebugAdvList|Any CPU.Build.0 = Debug|Any CPU
		{83CCB75E-FC17-468D-BA5A-7491B065C08E}.DebugAdvList|Any CPU.Deploy.0 = Debug|Any CPU
		{83CCB75E-FC17-468D-BA5A-7491B065C08E}.DebugAdvList|ARM.ActiveCfg = Debug|Any CPU
		{83CCB75E-FC17-468D-BA5A-7491B065C08E}.DebugAdvList|ARM.Build.0 = Debug|Any CPU
		{83CCB75E-FC17-468D-BA5A-7491B065C08E}.DebugAdvList|ARM.Deploy.0 = Debug|Any CPU
		{83CCB75E-FC17-468D-BA5A-7491B065C08E}.DebugAdvList|iPhone.ActiveCfg = Debug|Any CPU
		{83CCB75E-FC17-468D-BA5A-7491B065C08E}.DebugAdvList|iPhone.Build.0 = Debug|Any CPU
		{83CCB75E-FC17-468D-BA5A-7491B065C08E}.DebugAdvList|iPhone.Deploy.0 = Debug|Any CPU
		{83CCB75E-FC17-468D-BA5A-7491B065C08E}.DebugAdvList|iPhoneSimulator.ActiveCfg = Debug|Any CPU
		{83CCB75E-FC17-468D-BA5A-7491B065C08E}.DebugAdvList|iPhoneSimulator.Build.0 = Debug|Any CPU
		{83CCB75E-FC17-468D-BA5A-7491B065C08E}.DebugAdvList|iPhoneSimulator.Deploy.0 = Debug|Any CPU
		{83CCB75E-FC17-468D-BA5A-7491B065C08E}.DebugAdvList|x64.ActiveCfg = Debug|Any CPU
		{83CCB75E-FC17-468D-BA5A-7491B065C08E}.DebugAdvList|x64.Build.0 = Debug|Any CPU
		{83CCB75E-FC17-468D-BA5A-7491B065C08E}.DebugAdvList|x64.Deploy.0 = Debug|Any CPU
		{83CCB75E-FC17-468D-BA5A-7491B065C08E}.DebugAdvList|x86.ActiveCfg = Debug|Any CPU
		{83CCB75E-FC17-468D-BA5A-7491B065C08E}.DebugAdvList|x86.Build.0 = Debug|Any CPU
		{83CCB75E-FC17-468D-BA5A-7491B065C08E}.DebugAdvList|x86.Deploy.0 = Debug|Any CPU
		{83CCB75E-FC17-468D-BA5A-7491B065C08E}.Release|Any CPU.ActiveCfg = Release|Any CPU
		{83CCB75E-FC17-468D-BA5A-7491B065C08E}.Release|Any CPU.Build.0 = Release|Any CPU
		{83CCB75E-FC17-468D-BA5A-7491B065C08E}.Release|Any CPU.Deploy.0 = Release|Any CPU
		{83CCB75E-FC17-468D-BA5A-7491B065C08E}.Release|ARM.ActiveCfg = Release|Any CPU
		{83CCB75E-FC17-468D-BA5A-7491B065C08E}.Release|ARM.Build.0 = Release|Any CPU
		{83CCB75E-FC17-468D-BA5A-7491B065C08E}.Release|ARM.Deploy.0 = Release|Any CPU
		{83CCB75E-FC17-468D-BA5A-7491B065C08E}.Release|iPhone.ActiveCfg = Release|Any CPU
		{83CCB75E-FC17-468D-BA5A-7491B065C08E}.Release|iPhone.Build.0 = Release|Any CPU
		{83CCB75E-FC17-468D-BA5A-7491B065C08E}.Release|iPhone.Deploy.0 = Release|Any CPU
		{83CCB75E-FC17-468D-BA5A-7491B065C08E}.Release|iPhoneSimulator.ActiveCfg = Release|Any CPU
		{83CCB75E-FC17-468D-BA5A-7491B065C08E}.Release|iPhoneSimulator.Build.0 = Release|Any CPU
		{83CCB75E-FC17-468D-BA5A-7491B065C08E}.Release|iPhoneSimulator.Deploy.0 = Release|Any CPU
		{83CCB75E-FC17-468D-BA5A-7491B065C08E}.Release|x64.ActiveCfg = Release|Any CPU
		{83CCB75E-FC17-468D-BA5A-7491B065C08E}.Release|x64.Build.0 = Release|Any CPU
		{83CCB75E-FC17-468D-BA5A-7491B065C08E}.Release|x64.Deploy.0 = Release|Any CPU
		{83CCB75E-FC17-468D-BA5A-7491B065C08E}.Release|x86.ActiveCfg = Release|Any CPU
		{83CCB75E-FC17-468D-BA5A-7491B065C08E}.Release|x86.Build.0 = Release|Any CPU
		{83CCB75E-FC17-468D-BA5A-7491B065C08E}.Release|x86.Deploy.0 = Release|Any CPU
		{A1798E78-D2EB-46F5-AD2D-28DF7D7B4F0C}.Ad-Hoc|Any CPU.ActiveCfg = Ad-Hoc|iPhone
		{A1798E78-D2EB-46F5-AD2D-28DF7D7B4F0C}.Ad-Hoc|ARM.ActiveCfg = Ad-Hoc|iPhone
		{A1798E78-D2EB-46F5-AD2D-28DF7D7B4F0C}.Ad-Hoc|iPhone.ActiveCfg = Ad-Hoc|iPhone
		{A1798E78-D2EB-46F5-AD2D-28DF7D7B4F0C}.Ad-Hoc|iPhone.Build.0 = Ad-Hoc|iPhone
		{A1798E78-D2EB-46F5-AD2D-28DF7D7B4F0C}.Ad-Hoc|iPhoneSimulator.ActiveCfg = Ad-Hoc|iPhoneSimulator
		{A1798E78-D2EB-46F5-AD2D-28DF7D7B4F0C}.Ad-Hoc|iPhoneSimulator.Build.0 = Ad-Hoc|iPhoneSimulator
		{A1798E78-D2EB-46F5-AD2D-28DF7D7B4F0C}.Ad-Hoc|x64.ActiveCfg = Ad-Hoc|iPhone
		{A1798E78-D2EB-46F5-AD2D-28DF7D7B4F0C}.Ad-Hoc|x86.ActiveCfg = Ad-Hoc|iPhone
		{A1798E78-D2EB-46F5-AD2D-28DF7D7B4F0C}.AppStore|Any CPU.ActiveCfg = AppStore|iPhone
		{A1798E78-D2EB-46F5-AD2D-28DF7D7B4F0C}.AppStore|ARM.ActiveCfg = AppStore|iPhone
		{A1798E78-D2EB-46F5-AD2D-28DF7D7B4F0C}.AppStore|iPhone.ActiveCfg = AppStore|iPhone
		{A1798E78-D2EB-46F5-AD2D-28DF7D7B4F0C}.AppStore|iPhone.Build.0 = AppStore|iPhone
		{A1798E78-D2EB-46F5-AD2D-28DF7D7B4F0C}.AppStore|iPhoneSimulator.ActiveCfg = AppStore|iPhoneSimulator
		{A1798E78-D2EB-46F5-AD2D-28DF7D7B4F0C}.AppStore|iPhoneSimulator.Build.0 = AppStore|iPhoneSimulator
		{A1798E78-D2EB-46F5-AD2D-28DF7D7B4F0C}.AppStore|x64.ActiveCfg = AppStore|iPhone
		{A1798E78-D2EB-46F5-AD2D-28DF7D7B4F0C}.AppStore|x86.ActiveCfg = AppStore|iPhone
		{A1798E78-D2EB-46F5-AD2D-28DF7D7B4F0C}.Debug|Any CPU.ActiveCfg = Debug|iPhone
		{A1798E78-D2EB-46F5-AD2D-28DF7D7B4F0C}.Debug|ARM.ActiveCfg = Debug|iPhone
		{A1798E78-D2EB-46F5-AD2D-28DF7D7B4F0C}.Debug|iPhone.ActiveCfg = Debug|iPhone
		{A1798E78-D2EB-46F5-AD2D-28DF7D7B4F0C}.Debug|iPhone.Build.0 = Debug|iPhone
		{A1798E78-D2EB-46F5-AD2D-28DF7D7B4F0C}.Debug|iPhoneSimulator.ActiveCfg = Debug|iPhoneSimulator
		{A1798E78-D2EB-46F5-AD2D-28DF7D7B4F0C}.Debug|iPhoneSimulator.Build.0 = Debug|iPhoneSimulator
		{A1798E78-D2EB-46F5-AD2D-28DF7D7B4F0C}.Debug|x64.ActiveCfg = Debug|iPhone
		{A1798E78-D2EB-46F5-AD2D-28DF7D7B4F0C}.Debug|x86.ActiveCfg = Debug|iPhone
		{A1798E78-D2EB-46F5-AD2D-28DF7D7B4F0C}.DebugAdvList|Any CPU.ActiveCfg = Release|iPhoneSimulator
		{A1798E78-D2EB-46F5-AD2D-28DF7D7B4F0C}.DebugAdvList|Any CPU.Build.0 = Release|iPhoneSimulator
		{A1798E78-D2EB-46F5-AD2D-28DF7D7B4F0C}.DebugAdvList|ARM.ActiveCfg = Release|iPhoneSimulator
		{A1798E78-D2EB-46F5-AD2D-28DF7D7B4F0C}.DebugAdvList|ARM.Build.0 = Release|iPhoneSimulator
		{A1798E78-D2EB-46F5-AD2D-28DF7D7B4F0C}.DebugAdvList|iPhone.ActiveCfg = Debug|iPhone
		{A1798E78-D2EB-46F5-AD2D-28DF7D7B4F0C}.DebugAdvList|iPhone.Build.0 = Debug|iPhone
		{A1798E78-D2EB-46F5-AD2D-28DF7D7B4F0C}.DebugAdvList|iPhoneSimulator.ActiveCfg = Debug|iPhoneSimulator
		{A1798E78-D2EB-46F5-AD2D-28DF7D7B4F0C}.DebugAdvList|iPhoneSimulator.Build.0 = Debug|iPhoneSimulator
		{A1798E78-D2EB-46F5-AD2D-28DF7D7B4F0C}.DebugAdvList|x64.ActiveCfg = Release|iPhoneSimulator
		{A1798E78-D2EB-46F5-AD2D-28DF7D7B4F0C}.DebugAdvList|x64.Build.0 = Release|iPhoneSimulator
		{A1798E78-D2EB-46F5-AD2D-28DF7D7B4F0C}.DebugAdvList|x86.ActiveCfg = Release|iPhoneSimulator
		{A1798E78-D2EB-46F5-AD2D-28DF7D7B4F0C}.DebugAdvList|x86.Build.0 = Release|iPhoneSimulator
		{A1798E78-D2EB-46F5-AD2D-28DF7D7B4F0C}.Release|Any CPU.ActiveCfg = Release|iPhone
		{A1798E78-D2EB-46F5-AD2D-28DF7D7B4F0C}.Release|ARM.ActiveCfg = Release|iPhone
		{A1798E78-D2EB-46F5-AD2D-28DF7D7B4F0C}.Release|iPhone.ActiveCfg = Release|iPhone
		{A1798E78-D2EB-46F5-AD2D-28DF7D7B4F0C}.Release|iPhone.Build.0 = Release|iPhone
		{A1798E78-D2EB-46F5-AD2D-28DF7D7B4F0C}.Release|iPhoneSimulator.ActiveCfg = Release|iPhoneSimulator
		{A1798E78-D2EB-46F5-AD2D-28DF7D7B4F0C}.Release|iPhoneSimulator.Build.0 = Release|iPhoneSimulator
		{A1798E78-D2EB-46F5-AD2D-28DF7D7B4F0C}.Release|x64.ActiveCfg = Release|iPhone
		{A1798E78-D2EB-46F5-AD2D-28DF7D7B4F0C}.Release|x86.ActiveCfg = Release|iPhone
		{509896F1-3858-44B1-A679-64F329B682E9}.Ad-Hoc|Any CPU.ActiveCfg = Release|Any CPU
		{509896F1-3858-44B1-A679-64F329B682E9}.Ad-Hoc|Any CPU.Build.0 = Release|Any CPU
		{509896F1-3858-44B1-A679-64F329B682E9}.Ad-Hoc|Any CPU.Deploy.0 = Release|Any CPU
		{509896F1-3858-44B1-A679-64F329B682E9}.Ad-Hoc|ARM.ActiveCfg = Release|ARM
		{509896F1-3858-44B1-A679-64F329B682E9}.Ad-Hoc|ARM.Build.0 = Release|ARM
		{509896F1-3858-44B1-A679-64F329B682E9}.Ad-Hoc|ARM.Deploy.0 = Release|ARM
		{509896F1-3858-44B1-A679-64F329B682E9}.Ad-Hoc|iPhone.ActiveCfg = Release|Any CPU
		{509896F1-3858-44B1-A679-64F329B682E9}.Ad-Hoc|iPhone.Build.0 = Release|Any CPU
		{509896F1-3858-44B1-A679-64F329B682E9}.Ad-Hoc|iPhone.Deploy.0 = Release|Any CPU
		{509896F1-3858-44B1-A679-64F329B682E9}.Ad-Hoc|iPhoneSimulator.ActiveCfg = Release|Any CPU
		{509896F1-3858-44B1-A679-64F329B682E9}.Ad-Hoc|iPhoneSimulator.Build.0 = Release|Any CPU
		{509896F1-3858-44B1-A679-64F329B682E9}.Ad-Hoc|iPhoneSimulator.Deploy.0 = Release|Any CPU
		{509896F1-3858-44B1-A679-64F329B682E9}.Ad-Hoc|x64.ActiveCfg = Release|Any CPU
		{509896F1-3858-44B1-A679-64F329B682E9}.Ad-Hoc|x64.Build.0 = Release|Any CPU
		{509896F1-3858-44B1-A679-64F329B682E9}.Ad-Hoc|x64.Deploy.0 = Release|Any CPU
		{509896F1-3858-44B1-A679-64F329B682E9}.Ad-Hoc|x86.ActiveCfg = Release|x86
		{509896F1-3858-44B1-A679-64F329B682E9}.Ad-Hoc|x86.Build.0 = Release|x86
		{509896F1-3858-44B1-A679-64F329B682E9}.Ad-Hoc|x86.Deploy.0 = Release|x86
		{509896F1-3858-44B1-A679-64F329B682E9}.AppStore|Any CPU.ActiveCfg = Release|Any CPU
		{509896F1-3858-44B1-A679-64F329B682E9}.AppStore|Any CPU.Build.0 = Release|Any CPU
		{509896F1-3858-44B1-A679-64F329B682E9}.AppStore|Any CPU.Deploy.0 = Release|Any CPU
		{509896F1-3858-44B1-A679-64F329B682E9}.AppStore|ARM.ActiveCfg = Release|ARM
		{509896F1-3858-44B1-A679-64F329B682E9}.AppStore|ARM.Build.0 = Release|ARM
		{509896F1-3858-44B1-A679-64F329B682E9}.AppStore|ARM.Deploy.0 = Release|ARM
		{509896F1-3858-44B1-A679-64F329B682E9}.AppStore|iPhone.ActiveCfg = Release|Any CPU
		{509896F1-3858-44B1-A679-64F329B682E9}.AppStore|iPhone.Build.0 = Release|Any CPU
		{509896F1-3858-44B1-A679-64F329B682E9}.AppStore|iPhone.Deploy.0 = Release|Any CPU
		{509896F1-3858-44B1-A679-64F329B682E9}.AppStore|iPhoneSimulator.ActiveCfg = Release|Any CPU
		{509896F1-3858-44B1-A679-64F329B682E9}.AppStore|iPhoneSimulator.Build.0 = Release|Any CPU
		{509896F1-3858-44B1-A679-64F329B682E9}.AppStore|iPhoneSimulator.Deploy.0 = Release|Any CPU
		{509896F1-3858-44B1-A679-64F329B682E9}.AppStore|x64.ActiveCfg = Release|Any CPU
		{509896F1-3858-44B1-A679-64F329B682E9}.AppStore|x64.Build.0 = Release|Any CPU
		{509896F1-3858-44B1-A679-64F329B682E9}.AppStore|x64.Deploy.0 = Release|Any CPU
		{509896F1-3858-44B1-A679-64F329B682E9}.AppStore|x86.ActiveCfg = Release|x86
		{509896F1-3858-44B1-A679-64F329B682E9}.AppStore|x86.Build.0 = Release|x86
		{509896F1-3858-44B1-A679-64F329B682E9}.AppStore|x86.Deploy.0 = Release|x86
		{509896F1-3858-44B1-A679-64F329B682E9}.Debug|Any CPU.ActiveCfg = Debug|Any CPU
		{509896F1-3858-44B1-A679-64F329B682E9}.Debug|Any CPU.Build.0 = Debug|Any CPU
		{509896F1-3858-44B1-A679-64F329B682E9}.Debug|Any CPU.Deploy.0 = Debug|Any CPU
		{509896F1-3858-44B1-A679-64F329B682E9}.Debug|ARM.ActiveCfg = Debug|ARM
		{509896F1-3858-44B1-A679-64F329B682E9}.Debug|iPhone.ActiveCfg = Debug|Any CPU
		{509896F1-3858-44B1-A679-64F329B682E9}.Debug|iPhone.Build.0 = Debug|Any CPU
		{509896F1-3858-44B1-A679-64F329B682E9}.Debug|iPhone.Deploy.0 = Debug|Any CPU
		{509896F1-3858-44B1-A679-64F329B682E9}.Debug|iPhoneSimulator.ActiveCfg = Debug|Any CPU
		{509896F1-3858-44B1-A679-64F329B682E9}.Debug|iPhoneSimulator.Build.0 = Debug|Any CPU
		{509896F1-3858-44B1-A679-64F329B682E9}.Debug|iPhoneSimulator.Deploy.0 = Debug|Any CPU
		{509896F1-3858-44B1-A679-64F329B682E9}.Debug|x64.ActiveCfg = Debug|Any CPU
		{509896F1-3858-44B1-A679-64F329B682E9}.Debug|x64.Build.0 = Debug|Any CPU
		{509896F1-3858-44B1-A679-64F329B682E9}.Debug|x64.Deploy.0 = Debug|Any CPU
		{509896F1-3858-44B1-A679-64F329B682E9}.Debug|x86.ActiveCfg = Debug|x86
		{509896F1-3858-44B1-A679-64F329B682E9}.Debug|x86.Build.0 = Debug|x86
		{509896F1-3858-44B1-A679-64F329B682E9}.Debug|x86.Deploy.0 = Debug|x86
		{509896F1-3858-44B1-A679-64F329B682E9}.DebugAdvList|Any CPU.ActiveCfg = Debug|Any CPU
		{509896F1-3858-44B1-A679-64F329B682E9}.DebugAdvList|Any CPU.Build.0 = Debug|Any CPU
		{509896F1-3858-44B1-A679-64F329B682E9}.DebugAdvList|Any CPU.Deploy.0 = Debug|Any CPU
		{509896F1-3858-44B1-A679-64F329B682E9}.DebugAdvList|ARM.ActiveCfg = Debug|ARM
		{509896F1-3858-44B1-A679-64F329B682E9}.DebugAdvList|ARM.Build.0 = Debug|ARM
		{509896F1-3858-44B1-A679-64F329B682E9}.DebugAdvList|ARM.Deploy.0 = Debug|ARM
		{509896F1-3858-44B1-A679-64F329B682E9}.DebugAdvList|iPhone.ActiveCfg = Debug|Any CPU
		{509896F1-3858-44B1-A679-64F329B682E9}.DebugAdvList|iPhone.Build.0 = Debug|Any CPU
		{509896F1-3858-44B1-A679-64F329B682E9}.DebugAdvList|iPhone.Deploy.0 = Debug|Any CPU
		{509896F1-3858-44B1-A679-64F329B682E9}.DebugAdvList|iPhoneSimulator.ActiveCfg = Debug|Any CPU
		{509896F1-3858-44B1-A679-64F329B682E9}.DebugAdvList|iPhoneSimulator.Build.0 = Debug|Any CPU
		{509896F1-3858-44B1-A679-64F329B682E9}.DebugAdvList|iPhoneSimulator.Deploy.0 = Debug|Any CPU
		{509896F1-3858-44B1-A679-64F329B682E9}.DebugAdvList|x64.ActiveCfg = Debug|Any CPU
		{509896F1-3858-44B1-A679-64F329B682E9}.DebugAdvList|x64.Build.0 = Debug|Any CPU
		{509896F1-3858-44B1-A679-64F329B682E9}.DebugAdvList|x64.Deploy.0 = Debug|Any CPU
		{509896F1-3858-44B1-A679-64F329B682E9}.DebugAdvList|x86.ActiveCfg = Debug|x86
		{509896F1-3858-44B1-A679-64F329B682E9}.DebugAdvList|x86.Build.0 = Debug|x86
		{509896F1-3858-44B1-A679-64F329B682E9}.DebugAdvList|x86.Deploy.0 = Debug|x86
		{509896F1-3858-44B1-A679-64F329B682E9}.Release|Any CPU.ActiveCfg = Release|Any CPU
		{509896F1-3858-44B1-A679-64F329B682E9}.Release|Any CPU.Build.0 = Release|Any CPU
		{509896F1-3858-44B1-A679-64F329B682E9}.Release|Any CPU.Deploy.0 = Release|Any CPU
		{509896F1-3858-44B1-A679-64F329B682E9}.Release|ARM.ActiveCfg = Release|ARM
		{509896F1-3858-44B1-A679-64F329B682E9}.Release|ARM.Build.0 = Release|ARM
		{509896F1-3858-44B1-A679-64F329B682E9}.Release|ARM.Deploy.0 = Release|ARM
		{509896F1-3858-44B1-A679-64F329B682E9}.Release|iPhone.ActiveCfg = Release|Any CPU
		{509896F1-3858-44B1-A679-64F329B682E9}.Release|iPhone.Build.0 = Release|Any CPU
		{509896F1-3858-44B1-A679-64F329B682E9}.Release|iPhone.Deploy.0 = Release|Any CPU
		{509896F1-3858-44B1-A679-64F329B682E9}.Release|iPhoneSimulator.ActiveCfg = Release|Any CPU
		{509896F1-3858-44B1-A679-64F329B682E9}.Release|iPhoneSimulator.Build.0 = Release|Any CPU
		{509896F1-3858-44B1-A679-64F329B682E9}.Release|iPhoneSimulator.Deploy.0 = Release|Any CPU
		{509896F1-3858-44B1-A679-64F329B682E9}.Release|x64.ActiveCfg = Release|Any CPU
		{509896F1-3858-44B1-A679-64F329B682E9}.Release|x64.Build.0 = Release|Any CPU
		{509896F1-3858-44B1-A679-64F329B682E9}.Release|x64.Deploy.0 = Release|Any CPU
		{509896F1-3858-44B1-A679-64F329B682E9}.Release|x86.ActiveCfg = Release|x86
		{509896F1-3858-44B1-A679-64F329B682E9}.Release|x86.Build.0 = Release|x86
		{509896F1-3858-44B1-A679-64F329B682E9}.Release|x86.Deploy.0 = Release|x86
		{E56430E3-2F9B-415F-A9B9-A25E413C1DCF}.Ad-Hoc|Any CPU.ActiveCfg = Release|x86
		{E56430E3-2F9B-415F-A9B9-A25E413C1DCF}.Ad-Hoc|Any CPU.Build.0 = Release|x86
		{E56430E3-2F9B-415F-A9B9-A25E413C1DCF}.Ad-Hoc|Any CPU.Deploy.0 = Release|x86
		{E56430E3-2F9B-415F-A9B9-A25E413C1DCF}.Ad-Hoc|ARM.ActiveCfg = Release|ARM
		{E56430E3-2F9B-415F-A9B9-A25E413C1DCF}.Ad-Hoc|ARM.Build.0 = Release|ARM
		{E56430E3-2F9B-415F-A9B9-A25E413C1DCF}.Ad-Hoc|ARM.Deploy.0 = Release|ARM
		{E56430E3-2F9B-415F-A9B9-A25E413C1DCF}.Ad-Hoc|iPhone.ActiveCfg = Release|x86
		{E56430E3-2F9B-415F-A9B9-A25E413C1DCF}.Ad-Hoc|iPhone.Build.0 = Release|x86
		{E56430E3-2F9B-415F-A9B9-A25E413C1DCF}.Ad-Hoc|iPhone.Deploy.0 = Release|x86
		{E56430E3-2F9B-415F-A9B9-A25E413C1DCF}.Ad-Hoc|iPhoneSimulator.ActiveCfg = Release|x86
		{E56430E3-2F9B-415F-A9B9-A25E413C1DCF}.Ad-Hoc|iPhoneSimulator.Build.0 = Release|x86
		{E56430E3-2F9B-415F-A9B9-A25E413C1DCF}.Ad-Hoc|iPhoneSimulator.Deploy.0 = Release|x86
		{E56430E3-2F9B-415F-A9B9-A25E413C1DCF}.Ad-Hoc|x64.ActiveCfg = Release|x64
		{E56430E3-2F9B-415F-A9B9-A25E413C1DCF}.Ad-Hoc|x64.Build.0 = Release|x64
		{E56430E3-2F9B-415F-A9B9-A25E413C1DCF}.Ad-Hoc|x64.Deploy.0 = Release|x64
		{E56430E3-2F9B-415F-A9B9-A25E413C1DCF}.Ad-Hoc|x86.ActiveCfg = Release|x86
		{E56430E3-2F9B-415F-A9B9-A25E413C1DCF}.Ad-Hoc|x86.Build.0 = Release|x86
		{E56430E3-2F9B-415F-A9B9-A25E413C1DCF}.Ad-Hoc|x86.Deploy.0 = Release|x86
		{E56430E3-2F9B-415F-A9B9-A25E413C1DCF}.AppStore|Any CPU.ActiveCfg = Release|x86
		{E56430E3-2F9B-415F-A9B9-A25E413C1DCF}.AppStore|Any CPU.Build.0 = Release|x86
		{E56430E3-2F9B-415F-A9B9-A25E413C1DCF}.AppStore|Any CPU.Deploy.0 = Release|x86
		{E56430E3-2F9B-415F-A9B9-A25E413C1DCF}.AppStore|ARM.ActiveCfg = Release|ARM
		{E56430E3-2F9B-415F-A9B9-A25E413C1DCF}.AppStore|ARM.Build.0 = Release|ARM
		{E56430E3-2F9B-415F-A9B9-A25E413C1DCF}.AppStore|ARM.Deploy.0 = Release|ARM
		{E56430E3-2F9B-415F-A9B9-A25E413C1DCF}.AppStore|iPhone.ActiveCfg = Release|x86
		{E56430E3-2F9B-415F-A9B9-A25E413C1DCF}.AppStore|iPhone.Build.0 = Release|x86
		{E56430E3-2F9B-415F-A9B9-A25E413C1DCF}.AppStore|iPhone.Deploy.0 = Release|x86
		{E56430E3-2F9B-415F-A9B9-A25E413C1DCF}.AppStore|iPhoneSimulator.ActiveCfg = Release|x86
		{E56430E3-2F9B-415F-A9B9-A25E413C1DCF}.AppStore|iPhoneSimulator.Build.0 = Release|x86
		{E56430E3-2F9B-415F-A9B9-A25E413C1DCF}.AppStore|iPhoneSimulator.Deploy.0 = Release|x86
		{E56430E3-2F9B-415F-A9B9-A25E413C1DCF}.AppStore|x64.ActiveCfg = Release|x64
		{E56430E3-2F9B-415F-A9B9-A25E413C1DCF}.AppStore|x64.Build.0 = Release|x64
		{E56430E3-2F9B-415F-A9B9-A25E413C1DCF}.AppStore|x64.Deploy.0 = Release|x64
		{E56430E3-2F9B-415F-A9B9-A25E413C1DCF}.AppStore|x86.ActiveCfg = Release|x86
		{E56430E3-2F9B-415F-A9B9-A25E413C1DCF}.AppStore|x86.Build.0 = Release|x86
		{E56430E3-2F9B-415F-A9B9-A25E413C1DCF}.AppStore|x86.Deploy.0 = Release|x86
		{E56430E3-2F9B-415F-A9B9-A25E413C1DCF}.Debug|Any CPU.ActiveCfg = Debug|x86
		{E56430E3-2F9B-415F-A9B9-A25E413C1DCF}.Debug|ARM.ActiveCfg = Debug|ARM
		{E56430E3-2F9B-415F-A9B9-A25E413C1DCF}.Debug|iPhone.ActiveCfg = Debug|x86
		{E56430E3-2F9B-415F-A9B9-A25E413C1DCF}.Debug|iPhoneSimulator.ActiveCfg = Debug|x86
		{E56430E3-2F9B-415F-A9B9-A25E413C1DCF}.Debug|x64.ActiveCfg = Debug|x64
		{E56430E3-2F9B-415F-A9B9-A25E413C1DCF}.Debug|x64.Build.0 = Debug|x64
		{E56430E3-2F9B-415F-A9B9-A25E413C1DCF}.Debug|x64.Deploy.0 = Debug|x64
		{E56430E3-2F9B-415F-A9B9-A25E413C1DCF}.Debug|x86.ActiveCfg = Debug|x86
		{E56430E3-2F9B-415F-A9B9-A25E413C1DCF}.Debug|x86.Build.0 = Debug|x86
		{E56430E3-2F9B-415F-A9B9-A25E413C1DCF}.Debug|x86.Deploy.0 = Debug|x86
		{E56430E3-2F9B-415F-A9B9-A25E413C1DCF}.DebugAdvList|Any CPU.ActiveCfg = Debug|x64
		{E56430E3-2F9B-415F-A9B9-A25E413C1DCF}.DebugAdvList|Any CPU.Build.0 = Debug|x64
		{E56430E3-2F9B-415F-A9B9-A25E413C1DCF}.DebugAdvList|Any CPU.Deploy.0 = Debug|x64
		{E56430E3-2F9B-415F-A9B9-A25E413C1DCF}.DebugAdvList|ARM.ActiveCfg = Debug|ARM
		{E56430E3-2F9B-415F-A9B9-A25E413C1DCF}.DebugAdvList|ARM.Build.0 = Debug|ARM
		{E56430E3-2F9B-415F-A9B9-A25E413C1DCF}.DebugAdvList|ARM.Deploy.0 = Debug|ARM
		{E56430E3-2F9B-415F-A9B9-A25E413C1DCF}.DebugAdvList|iPhone.ActiveCfg = Debug|x64
		{E56430E3-2F9B-415F-A9B9-A25E413C1DCF}.DebugAdvList|iPhone.Build.0 = Debug|x64
		{E56430E3-2F9B-415F-A9B9-A25E413C1DCF}.DebugAdvList|iPhone.Deploy.0 = Debug|x64
		{E56430E3-2F9B-415F-A9B9-A25E413C1DCF}.DebugAdvList|iPhoneSimulator.ActiveCfg = Debug|x64
		{E56430E3-2F9B-415F-A9B9-A25E413C1DCF}.DebugAdvList|iPhoneSimulator.Build.0 = Debug|x64
		{E56430E3-2F9B-415F-A9B9-A25E413C1DCF}.DebugAdvList|iPhoneSimulator.Deploy.0 = Debug|x64
		{E56430E3-2F9B-415F-A9B9-A25E413C1DCF}.DebugAdvList|x64.ActiveCfg = Debug|x64
		{E56430E3-2F9B-415F-A9B9-A25E413C1DCF}.DebugAdvList|x64.Build.0 = Debug|x64
		{E56430E3-2F9B-415F-A9B9-A25E413C1DCF}.DebugAdvList|x64.Deploy.0 = Debug|x64
		{E56430E3-2F9B-415F-A9B9-A25E413C1DCF}.DebugAdvList|x86.ActiveCfg = Debug|x86
		{E56430E3-2F9B-415F-A9B9-A25E413C1DCF}.DebugAdvList|x86.Build.0 = Debug|x86
		{E56430E3-2F9B-415F-A9B9-A25E413C1DCF}.DebugAdvList|x86.Deploy.0 = Debug|x86
		{E56430E3-2F9B-415F-A9B9-A25E413C1DCF}.Release|Any CPU.ActiveCfg = Release|x86
		{E56430E3-2F9B-415F-A9B9-A25E413C1DCF}.Release|ARM.ActiveCfg = Release|ARM
		{E56430E3-2F9B-415F-A9B9-A25E413C1DCF}.Release|ARM.Build.0 = Release|ARM
		{E56430E3-2F9B-415F-A9B9-A25E413C1DCF}.Release|ARM.Deploy.0 = Release|ARM
		{E56430E3-2F9B-415F-A9B9-A25E413C1DCF}.Release|iPhone.ActiveCfg = Release|x86
		{E56430E3-2F9B-415F-A9B9-A25E413C1DCF}.Release|iPhoneSimulator.ActiveCfg = Release|x86
		{E56430E3-2F9B-415F-A9B9-A25E413C1DCF}.Release|x64.ActiveCfg = Release|x64
		{E56430E3-2F9B-415F-A9B9-A25E413C1DCF}.Release|x64.Build.0 = Release|x64
		{E56430E3-2F9B-415F-A9B9-A25E413C1DCF}.Release|x64.Deploy.0 = Release|x64
		{E56430E3-2F9B-415F-A9B9-A25E413C1DCF}.Release|x86.ActiveCfg = Release|x86
		{E56430E3-2F9B-415F-A9B9-A25E413C1DCF}.Release|x86.Build.0 = Release|x86
		{E56430E3-2F9B-415F-A9B9-A25E413C1DCF}.Release|x86.Deploy.0 = Release|x86
		{4269737D-4803-4E50-841B-89C9EA888595}.Ad-Hoc|Any CPU.ActiveCfg = Release|Any CPU
		{4269737D-4803-4E50-841B-89C9EA888595}.Ad-Hoc|Any CPU.Build.0 = Release|Any CPU
		{4269737D-4803-4E50-841B-89C9EA888595}.Ad-Hoc|Any CPU.Deploy.0 = Release|Any CPU
		{4269737D-4803-4E50-841B-89C9EA888595}.Ad-Hoc|ARM.ActiveCfg = Release|ARM
		{4269737D-4803-4E50-841B-89C9EA888595}.Ad-Hoc|ARM.Build.0 = Release|ARM
		{4269737D-4803-4E50-841B-89C9EA888595}.Ad-Hoc|ARM.Deploy.0 = Release|ARM
		{4269737D-4803-4E50-841B-89C9EA888595}.Ad-Hoc|iPhone.ActiveCfg = Release|Any CPU
		{4269737D-4803-4E50-841B-89C9EA888595}.Ad-Hoc|iPhone.Build.0 = Release|Any CPU
		{4269737D-4803-4E50-841B-89C9EA888595}.Ad-Hoc|iPhone.Deploy.0 = Release|Any CPU
		{4269737D-4803-4E50-841B-89C9EA888595}.Ad-Hoc|iPhoneSimulator.ActiveCfg = Release|Any CPU
		{4269737D-4803-4E50-841B-89C9EA888595}.Ad-Hoc|iPhoneSimulator.Build.0 = Release|Any CPU
		{4269737D-4803-4E50-841B-89C9EA888595}.Ad-Hoc|iPhoneSimulator.Deploy.0 = Release|Any CPU
		{4269737D-4803-4E50-841B-89C9EA888595}.Ad-Hoc|x64.ActiveCfg = Release|x64
		{4269737D-4803-4E50-841B-89C9EA888595}.Ad-Hoc|x64.Build.0 = Release|x64
		{4269737D-4803-4E50-841B-89C9EA888595}.Ad-Hoc|x64.Deploy.0 = Release|x64
		{4269737D-4803-4E50-841B-89C9EA888595}.Ad-Hoc|x86.ActiveCfg = Release|x86
		{4269737D-4803-4E50-841B-89C9EA888595}.Ad-Hoc|x86.Build.0 = Release|x86
		{4269737D-4803-4E50-841B-89C9EA888595}.Ad-Hoc|x86.Deploy.0 = Release|x86
		{4269737D-4803-4E50-841B-89C9EA888595}.AppStore|Any CPU.ActiveCfg = Release|Any CPU
		{4269737D-4803-4E50-841B-89C9EA888595}.AppStore|Any CPU.Build.0 = Release|Any CPU
		{4269737D-4803-4E50-841B-89C9EA888595}.AppStore|Any CPU.Deploy.0 = Release|Any CPU
		{4269737D-4803-4E50-841B-89C9EA888595}.AppStore|ARM.ActiveCfg = Release|ARM
		{4269737D-4803-4E50-841B-89C9EA888595}.AppStore|ARM.Build.0 = Release|ARM
		{4269737D-4803-4E50-841B-89C9EA888595}.AppStore|ARM.Deploy.0 = Release|ARM
		{4269737D-4803-4E50-841B-89C9EA888595}.AppStore|iPhone.ActiveCfg = Release|Any CPU
		{4269737D-4803-4E50-841B-89C9EA888595}.AppStore|iPhone.Build.0 = Release|Any CPU
		{4269737D-4803-4E50-841B-89C9EA888595}.AppStore|iPhone.Deploy.0 = Release|Any CPU
		{4269737D-4803-4E50-841B-89C9EA888595}.AppStore|iPhoneSimulator.ActiveCfg = Release|Any CPU
		{4269737D-4803-4E50-841B-89C9EA888595}.AppStore|iPhoneSimulator.Build.0 = Release|Any CPU
		{4269737D-4803-4E50-841B-89C9EA888595}.AppStore|iPhoneSimulator.Deploy.0 = Release|Any CPU
		{4269737D-4803-4E50-841B-89C9EA888595}.AppStore|x64.ActiveCfg = Release|x64
		{4269737D-4803-4E50-841B-89C9EA888595}.AppStore|x64.Build.0 = Release|x64
		{4269737D-4803-4E50-841B-89C9EA888595}.AppStore|x64.Deploy.0 = Release|x64
		{4269737D-4803-4E50-841B-89C9EA888595}.AppStore|x86.ActiveCfg = Release|x86
		{4269737D-4803-4E50-841B-89C9EA888595}.AppStore|x86.Build.0 = Release|x86
		{4269737D-4803-4E50-841B-89C9EA888595}.AppStore|x86.Deploy.0 = Release|x86
		{4269737D-4803-4E50-841B-89C9EA888595}.Debug|Any CPU.ActiveCfg = Debug|Any CPU
		{4269737D-4803-4E50-841B-89C9EA888595}.Debug|Any CPU.Build.0 = Debug|Any CPU
		{4269737D-4803-4E50-841B-89C9EA888595}.Debug|Any CPU.Deploy.0 = Debug|Any CPU
		{4269737D-4803-4E50-841B-89C9EA888595}.Debug|ARM.ActiveCfg = Debug|ARM
		{4269737D-4803-4E50-841B-89C9EA888595}.Debug|iPhone.ActiveCfg = Debug|Any CPU
		{4269737D-4803-4E50-841B-89C9EA888595}.Debug|iPhone.Build.0 = Debug|Any CPU
		{4269737D-4803-4E50-841B-89C9EA888595}.Debug|iPhone.Deploy.0 = Debug|Any CPU
		{4269737D-4803-4E50-841B-89C9EA888595}.Debug|iPhoneSimulator.ActiveCfg = Debug|Any CPU
		{4269737D-4803-4E50-841B-89C9EA888595}.Debug|iPhoneSimulator.Build.0 = Debug|Any CPU
		{4269737D-4803-4E50-841B-89C9EA888595}.Debug|iPhoneSimulator.Deploy.0 = Debug|Any CPU
		{4269737D-4803-4E50-841B-89C9EA888595}.Debug|x64.ActiveCfg = Debug|x64
		{4269737D-4803-4E50-841B-89C9EA888595}.Debug|x64.Build.0 = Debug|x64
		{4269737D-4803-4E50-841B-89C9EA888595}.Debug|x64.Deploy.0 = Debug|x64
		{4269737D-4803-4E50-841B-89C9EA888595}.Debug|x86.ActiveCfg = Debug|x86
		{4269737D-4803-4E50-841B-89C9EA888595}.Debug|x86.Build.0 = Debug|x86
		{4269737D-4803-4E50-841B-89C9EA888595}.Debug|x86.Deploy.0 = Debug|x86
		{4269737D-4803-4E50-841B-89C9EA888595}.DebugAdvList|Any CPU.ActiveCfg = Debug|Any CPU
		{4269737D-4803-4E50-841B-89C9EA888595}.DebugAdvList|Any CPU.Build.0 = Debug|Any CPU
		{4269737D-4803-4E50-841B-89C9EA888595}.DebugAdvList|Any CPU.Deploy.0 = Debug|Any CPU
		{4269737D-4803-4E50-841B-89C9EA888595}.DebugAdvList|ARM.ActiveCfg = Debug|ARM
		{4269737D-4803-4E50-841B-89C9EA888595}.DebugAdvList|ARM.Build.0 = Debug|ARM
		{4269737D-4803-4E50-841B-89C9EA888595}.DebugAdvList|ARM.Deploy.0 = Debug|ARM
		{4269737D-4803-4E50-841B-89C9EA888595}.DebugAdvList|iPhone.ActiveCfg = Debug|Any CPU
		{4269737D-4803-4E50-841B-89C9EA888595}.DebugAdvList|iPhone.Build.0 = Debug|Any CPU
		{4269737D-4803-4E50-841B-89C9EA888595}.DebugAdvList|iPhone.Deploy.0 = Debug|Any CPU
		{4269737D-4803-4E50-841B-89C9EA888595}.DebugAdvList|iPhoneSimulator.ActiveCfg = Debug|Any CPU
		{4269737D-4803-4E50-841B-89C9EA888595}.DebugAdvList|iPhoneSimulator.Build.0 = Debug|Any CPU
		{4269737D-4803-4E50-841B-89C9EA888595}.DebugAdvList|iPhoneSimulator.Deploy.0 = Debug|Any CPU
		{4269737D-4803-4E50-841B-89C9EA888595}.DebugAdvList|x64.ActiveCfg = Debug|x64
		{4269737D-4803-4E50-841B-89C9EA888595}.DebugAdvList|x64.Build.0 = Debug|x64
		{4269737D-4803-4E50-841B-89C9EA888595}.DebugAdvList|x64.Deploy.0 = Debug|x64
		{4269737D-4803-4E50-841B-89C9EA888595}.DebugAdvList|x86.ActiveCfg = Debug|x86
		{4269737D-4803-4E50-841B-89C9EA888595}.DebugAdvList|x86.Build.0 = Debug|x86
		{4269737D-4803-4E50-841B-89C9EA888595}.DebugAdvList|x86.Deploy.0 = Debug|x86
		{4269737D-4803-4E50-841B-89C9EA888595}.Release|Any CPU.ActiveCfg = Release|Any CPU
		{4269737D-4803-4E50-841B-89C9EA888595}.Release|Any CPU.Build.0 = Release|Any CPU
		{4269737D-4803-4E50-841B-89C9EA888595}.Release|Any CPU.Deploy.0 = Release|Any CPU
		{4269737D-4803-4E50-841B-89C9EA888595}.Release|ARM.ActiveCfg = Release|ARM
		{4269737D-4803-4E50-841B-89C9EA888595}.Release|ARM.Build.0 = Release|ARM
		{4269737D-4803-4E50-841B-89C9EA888595}.Release|ARM.Deploy.0 = Release|ARM
		{4269737D-4803-4E50-841B-89C9EA888595}.Release|iPhone.ActiveCfg = Release|Any CPU
		{4269737D-4803-4E50-841B-89C9EA888595}.Release|iPhone.Build.0 = Release|Any CPU
		{4269737D-4803-4E50-841B-89C9EA888595}.Release|iPhone.Deploy.0 = Release|Any CPU
		{4269737D-4803-4E50-841B-89C9EA888595}.Release|iPhoneSimulator.ActiveCfg = Release|Any CPU
		{4269737D-4803-4E50-841B-89C9EA888595}.Release|iPhoneSimulator.Build.0 = Release|Any CPU
		{4269737D-4803-4E50-841B-89C9EA888595}.Release|iPhoneSimulator.Deploy.0 = Release|Any CPU
		{4269737D-4803-4E50-841B-89C9EA888595}.Release|x64.ActiveCfg = Release|x64
		{4269737D-4803-4E50-841B-89C9EA888595}.Release|x64.Build.0 = Release|x64
		{4269737D-4803-4E50-841B-89C9EA888595}.Release|x64.Deploy.0 = Release|x64
		{4269737D-4803-4E50-841B-89C9EA888595}.Release|x86.ActiveCfg = Release|x86
		{4269737D-4803-4E50-841B-89C9EA888595}.Release|x86.Build.0 = Release|x86
		{4269737D-4803-4E50-841B-89C9EA888595}.Release|x86.Deploy.0 = Release|x86
	EndGlobalSection
	GlobalSection(SolutionProperties) = preSolution
		HideSolutionNode = FALSE
	EndGlobalSection
EndGlobal
