
Microsoft Visual Studio Solution File, Format Version 12.00
# Visual Studio 14
VisualStudioVersion = 14.0.25420.1
MinimumVisualStudioVersion = 10.0.40219.1
Project("{FAE04EC0-301F-11D3-BF4B-00C04F79EFBC}") = "Kala", "Kala\Kala\Kala.csproj", "{A8AF1D1D-D295-4102-B900-C5795AB7D422}"
EndProject
Project("{FAE04EC0-301F-11D3-BF4B-00C04F79EFBC}") = "Kala.Droid", "Kala\Kala.Droid\Kala.Droid.csproj", "{F8B89C6B-8563-4B48-A1E4-B44708D93984}"
EndProject
Project("{FAE04EC0-301F-11D3-BF4B-00C04F79EFBC}") = "Kala.iOS", "Kala\Kala.iOS\Kala.iOS.csproj", "{C3CF8BB9-D44C-43C3-B6DF-2ADFF967EB40}"
EndProject
Project("{FAE04EC0-301F-11D3-BF4B-00C04F79EFBC}") = "Kala.WinPhone", "Kala\Kala.WinPhone\Kala.WinPhone.csproj", "{2D89F1EC-66CA-482D-B687-BBCE1AD69064}"
EndProject
Project("{FAE04EC0-301F-11D3-BF4B-00C04F79EFBC}") = "Kala.UWP", "Kala\Kala.UWP\Kala.UWP.csproj", "{7A97E8AB-9155-4773-A9C8-62548B331E08}"
EndProject
Project("{FAE04EC0-301F-11D3-BF4B-00C04F79EFBC}") = "Kala.Windows", "Kala\Kala.Windows\Kala.Windows.csproj", "{C7241DBF-4870-4DAF-AFD7-C5E321A3EB60}"
EndProject
Global
	GlobalSection(SolutionConfigurationPlatforms) = preSolution
		Ad-Hoc|Any CPU = Ad-Hoc|Any CPU
		Ad-Hoc|ARM = Ad-Hoc|ARM
		Ad-Hoc|iPhone = Ad-Hoc|iPhone
		Ad-Hoc|iPhoneSimulator = Ad-Hoc|iPhoneSimulator
		Ad-Hoc|x64 = Ad-Hoc|x64
		Ad-Hoc|x86 = Ad-Hoc|x86
		AppStore|Any CPU = AppStore|Any CPU
		AppStore|ARM = AppStore|ARM
		AppStore|iPhone = AppStore|iPhone
		AppStore|iPhoneSimulator = AppStore|iPhoneSimulator
		AppStore|x64 = AppStore|x64
		AppStore|x86 = AppStore|x86
		Debug|Any CPU = Debug|Any CPU
		Debug|ARM = Debug|ARM
		Debug|iPhone = Debug|iPhone
		Debug|iPhoneSimulator = Debug|iPhoneSimulator
		Debug|x64 = Debug|x64
		Debug|x86 = Debug|x86
		Release|Any CPU = Release|Any CPU
		Release|ARM = Release|ARM
		Release|iPhone = Release|iPhone
		Release|iPhoneSimulator = Release|iPhoneSimulator
		Release|x64 = Release|x64
		Release|x86 = Release|x86
	EndGlobalSection
	GlobalSection(ProjectConfigurationPlatforms) = postSolution
		{A8AF1D1D-D295-4102-B900-C5795AB7D422}.Ad-Hoc|Any CPU.ActiveCfg = Release|Any CPU
		{A8AF1D1D-D295-4102-B900-C5795AB7D422}.Ad-Hoc|Any CPU.Build.0 = Release|Any CPU
		{A8AF1D1D-D295-4102-B900-C5795AB7D422}.Ad-Hoc|ARM.ActiveCfg = Release|Any CPU
		{A8AF1D1D-D295-4102-B900-C5795AB7D422}.Ad-Hoc|ARM.Build.0 = Release|Any CPU
		{A8AF1D1D-D295-4102-B900-C5795AB7D422}.Ad-Hoc|iPhone.ActiveCfg = Release|Any CPU
		{A8AF1D1D-D295-4102-B900-C5795AB7D422}.Ad-Hoc|iPhone.Build.0 = Release|Any CPU
		{A8AF1D1D-D295-4102-B900-C5795AB7D422}.Ad-Hoc|iPhoneSimulator.ActiveCfg = Release|Any CPU
		{A8AF1D1D-D295-4102-B900-C5795AB7D422}.Ad-Hoc|iPhoneSimulator.Build.0 = Release|Any CPU
		{A8AF1D1D-D295-4102-B900-C5795AB7D422}.Ad-Hoc|x64.ActiveCfg = Release|Any CPU
		{A8AF1D1D-D295-4102-B900-C5795AB7D422}.Ad-Hoc|x64.Build.0 = Release|Any CPU
		{A8AF1D1D-D295-4102-B900-C5795AB7D422}.Ad-Hoc|x86.ActiveCfg = Release|Any CPU
		{A8AF1D1D-D295-4102-B900-C5795AB7D422}.Ad-Hoc|x86.Build.0 = Release|Any CPU
		{A8AF1D1D-D295-4102-B900-C5795AB7D422}.AppStore|Any CPU.ActiveCfg = Release|Any CPU
		{A8AF1D1D-D295-4102-B900-C5795AB7D422}.AppStore|Any CPU.Build.0 = Release|Any CPU
		{A8AF1D1D-D295-4102-B900-C5795AB7D422}.AppStore|ARM.ActiveCfg = Release|Any CPU
		{A8AF1D1D-D295-4102-B900-C5795AB7D422}.AppStore|ARM.Build.0 = Release|Any CPU
		{A8AF1D1D-D295-4102-B900-C5795AB7D422}.AppStore|iPhone.ActiveCfg = Release|Any CPU
		{A8AF1D1D-D295-4102-B900-C5795AB7D422}.AppStore|iPhone.Build.0 = Release|Any CPU
		{A8AF1D1D-D295-4102-B900-C5795AB7D422}.AppStore|iPhoneSimulator.ActiveCfg = Release|Any CPU
		{A8AF1D1D-D295-4102-B900-C5795AB7D422}.AppStore|iPhoneSimulator.Build.0 = Release|Any CPU
		{A8AF1D1D-D295-4102-B900-C5795AB7D422}.AppStore|x64.ActiveCfg = Release|Any CPU
		{A8AF1D1D-D295-4102-B900-C5795AB7D422}.AppStore|x64.Build.0 = Release|Any CPU
		{A8AF1D1D-D295-4102-B900-C5795AB7D422}.AppStore|x86.ActiveCfg = Release|Any CPU
		{A8AF1D1D-D295-4102-B900-C5795AB7D422}.AppStore|x86.Build.0 = Release|Any CPU
		{A8AF1D1D-D295-4102-B900-C5795AB7D422}.Debug|Any CPU.ActiveCfg = Debug|Any CPU
		{A8AF1D1D-D295-4102-B900-C5795AB7D422}.Debug|Any CPU.Build.0 = Debug|Any CPU
		{A8AF1D1D-D295-4102-B900-C5795AB7D422}.Debug|ARM.ActiveCfg = Debug|Any CPU
		{A8AF1D1D-D295-4102-B900-C5795AB7D422}.Debug|ARM.Build.0 = Debug|Any CPU
		{A8AF1D1D-D295-4102-B900-C5795AB7D422}.Debug|iPhone.ActiveCfg = Debug|Any CPU
		{A8AF1D1D-D295-4102-B900-C5795AB7D422}.Debug|iPhone.Build.0 = Debug|Any CPU
		{A8AF1D1D-D295-4102-B900-C5795AB7D422}.Debug|iPhoneSimulator.ActiveCfg = Debug|Any CPU
		{A8AF1D1D-D295-4102-B900-C5795AB7D422}.Debug|iPhoneSimulator.Build.0 = Debug|Any CPU
		{A8AF1D1D-D295-4102-B900-C5795AB7D422}.Debug|x64.ActiveCfg = Debug|Any CPU
		{A8AF1D1D-D295-4102-B900-C5795AB7D422}.Debug|x64.Build.0 = Debug|Any CPU
		{A8AF1D1D-D295-4102-B900-C5795AB7D422}.Debug|x86.ActiveCfg = Debug|Any CPU
		{A8AF1D1D-D295-4102-B900-C5795AB7D422}.Debug|x86.Build.0 = Debug|Any CPU
		{A8AF1D1D-D295-4102-B900-C5795AB7D422}.Release|Any CPU.ActiveCfg = Release|Any CPU
		{A8AF1D1D-D295-4102-B900-C5795AB7D422}.Release|Any CPU.Build.0 = Release|Any CPU
		{A8AF1D1D-D295-4102-B900-C5795AB7D422}.Release|ARM.ActiveCfg = Release|Any CPU
		{A8AF1D1D-D295-4102-B900-C5795AB7D422}.Release|ARM.Build.0 = Release|Any CPU
		{A8AF1D1D-D295-4102-B900-C5795AB7D422}.Release|iPhone.ActiveCfg = Release|Any CPU
		{A8AF1D1D-D295-4102-B900-C5795AB7D422}.Release|iPhone.Build.0 = Release|Any CPU
		{A8AF1D1D-D295-4102-B900-C5795AB7D422}.Release|iPhoneSimulator.ActiveCfg = Release|Any CPU
		{A8AF1D1D-D295-4102-B900-C5795AB7D422}.Release|iPhoneSimulator.Build.0 = Release|Any CPU
		{A8AF1D1D-D295-4102-B900-C5795AB7D422}.Release|x64.ActiveCfg = Release|Any CPU
		{A8AF1D1D-D295-4102-B900-C5795AB7D422}.Release|x64.Build.0 = Release|Any CPU
		{A8AF1D1D-D295-4102-B900-C5795AB7D422}.Release|x86.ActiveCfg = Release|Any CPU
		{A8AF1D1D-D295-4102-B900-C5795AB7D422}.Release|x86.Build.0 = Release|Any CPU
		{F8B89C6B-8563-4B48-A1E4-B44708D93984}.Ad-Hoc|Any CPU.ActiveCfg = Release|Any CPU
		{F8B89C6B-8563-4B48-A1E4-B44708D93984}.Ad-Hoc|Any CPU.Build.0 = Release|Any CPU
		{F8B89C6B-8563-4B48-A1E4-B44708D93984}.Ad-Hoc|Any CPU.Deploy.0 = Release|Any CPU
		{F8B89C6B-8563-4B48-A1E4-B44708D93984}.Ad-Hoc|ARM.ActiveCfg = Release|Any CPU
		{F8B89C6B-8563-4B48-A1E4-B44708D93984}.Ad-Hoc|ARM.Build.0 = Release|Any CPU
		{F8B89C6B-8563-4B48-A1E4-B44708D93984}.Ad-Hoc|ARM.Deploy.0 = Release|Any CPU
		{F8B89C6B-8563-4B48-A1E4-B44708D93984}.Ad-Hoc|iPhone.ActiveCfg = Release|Any CPU
		{F8B89C6B-8563-4B48-A1E4-B44708D93984}.Ad-Hoc|iPhone.Build.0 = Release|Any CPU
		{F8B89C6B-8563-4B48-A1E4-B44708D93984}.Ad-Hoc|iPhone.Deploy.0 = Release|Any CPU
		{F8B89C6B-8563-4B48-A1E4-B44708D93984}.Ad-Hoc|iPhoneSimulator.ActiveCfg = Release|Any CPU
		{F8B89C6B-8563-4B48-A1E4-B44708D93984}.Ad-Hoc|iPhoneSimulator.Build.0 = Release|Any CPU
		{F8B89C6B-8563-4B48-A1E4-B44708D93984}.Ad-Hoc|iPhoneSimulator.Deploy.0 = Release|Any CPU
		{F8B89C6B-8563-4B48-A1E4-B44708D93984}.Ad-Hoc|x64.ActiveCfg = Release|Any CPU
		{F8B89C6B-8563-4B48-A1E4-B44708D93984}.Ad-Hoc|x64.Build.0 = Release|Any CPU
		{F8B89C6B-8563-4B48-A1E4-B44708D93984}.Ad-Hoc|x64.Deploy.0 = Release|Any CPU
		{F8B89C6B-8563-4B48-A1E4-B44708D93984}.Ad-Hoc|x86.ActiveCfg = Release|Any CPU
		{F8B89C6B-8563-4B48-A1E4-B44708D93984}.Ad-Hoc|x86.Build.0 = Release|Any CPU
		{F8B89C6B-8563-4B48-A1E4-B44708D93984}.Ad-Hoc|x86.Deploy.0 = Release|Any CPU
		{F8B89C6B-8563-4B48-A1E4-B44708D93984}.AppStore|Any CPU.ActiveCfg = Release|Any CPU
		{F8B89C6B-8563-4B48-A1E4-B44708D93984}.AppStore|Any CPU.Build.0 = Release|Any CPU
		{F8B89C6B-8563-4B48-A1E4-B44708D93984}.AppStore|Any CPU.Deploy.0 = Release|Any CPU
		{F8B89C6B-8563-4B48-A1E4-B44708D93984}.AppStore|ARM.ActiveCfg = Release|Any CPU
		{F8B89C6B-8563-4B48-A1E4-B44708D93984}.AppStore|ARM.Build.0 = Release|Any CPU
		{F8B89C6B-8563-4B48-A1E4-B44708D93984}.AppStore|ARM.Deploy.0 = Release|Any CPU
		{F8B89C6B-8563-4B48-A1E4-B44708D93984}.AppStore|iPhone.ActiveCfg = Release|Any CPU
		{F8B89C6B-8563-4B48-A1E4-B44708D93984}.AppStore|iPhone.Build.0 = Release|Any CPU
		{F8B89C6B-8563-4B48-A1E4-B44708D93984}.AppStore|iPhone.Deploy.0 = Release|Any CPU
		{F8B89C6B-8563-4B48-A1E4-B44708D93984}.AppStore|iPhoneSimulator.ActiveCfg = Release|Any CPU
		{F8B89C6B-8563-4B48-A1E4-B44708D93984}.AppStore|iPhoneSimulator.Build.0 = Release|Any CPU
		{F8B89C6B-8563-4B48-A1E4-B44708D93984}.AppStore|iPhoneSimulator.Deploy.0 = Release|Any CPU
		{F8B89C6B-8563-4B48-A1E4-B44708D93984}.AppStore|x64.ActiveCfg = Release|Any CPU
		{F8B89C6B-8563-4B48-A1E4-B44708D93984}.AppStore|x64.Build.0 = Release|Any CPU
		{F8B89C6B-8563-4B48-A1E4-B44708D93984}.AppStore|x64.Deploy.0 = Release|Any CPU
		{F8B89C6B-8563-4B48-A1E4-B44708D93984}.AppStore|x86.ActiveCfg = Release|Any CPU
		{F8B89C6B-8563-4B48-A1E4-B44708D93984}.AppStore|x86.Build.0 = Release|Any CPU
		{F8B89C6B-8563-4B48-A1E4-B44708D93984}.AppStore|x86.Deploy.0 = Release|Any CPU
		{F8B89C6B-8563-4B48-A1E4-B44708D93984}.Debug|Any CPU.ActiveCfg = Debug|Any CPU
		{F8B89C6B-8563-4B48-A1E4-B44708D93984}.Debug|Any CPU.Build.0 = Debug|Any CPU
		{F8B89C6B-8563-4B48-A1E4-B44708D93984}.Debug|Any CPU.Deploy.0 = Debug|Any CPU
		{F8B89C6B-8563-4B48-A1E4-B44708D93984}.Debug|ARM.ActiveCfg = Debug|Any CPU
		{F8B89C6B-8563-4B48-A1E4-B44708D93984}.Debug|ARM.Build.0 = Debug|Any CPU
		{F8B89C6B-8563-4B48-A1E4-B44708D93984}.Debug|ARM.Deploy.0 = Debug|Any CPU
		{F8B89C6B-8563-4B48-A1E4-B44708D93984}.Debug|iPhone.ActiveCfg = Debug|Any CPU
		{F8B89C6B-8563-4B48-A1E4-B44708D93984}.Debug|iPhone.Build.0 = Debug|Any CPU
		{F8B89C6B-8563-4B48-A1E4-B44708D93984}.Debug|iPhone.Deploy.0 = Debug|Any CPU
		{F8B89C6B-8563-4B48-A1E4-B44708D93984}.Debug|iPhoneSimulator.ActiveCfg = Debug|Any CPU
		{F8B89C6B-8563-4B48-A1E4-B44708D93984}.Debug|iPhoneSimulator.Build.0 = Debug|Any CPU
		{F8B89C6B-8563-4B48-A1E4-B44708D93984}.Debug|iPhoneSimulator.Deploy.0 = Debug|Any CPU
		{F8B89C6B-8563-4B48-A1E4-B44708D93984}.Debug|x64.ActiveCfg = Debug|Any CPU
		{F8B89C6B-8563-4B48-A1E4-B44708D93984}.Debug|x64.Build.0 = Debug|Any CPU
		{F8B89C6B-8563-4B48-A1E4-B44708D93984}.Debug|x64.Deploy.0 = Debug|Any CPU
		{F8B89C6B-8563-4B48-A1E4-B44708D93984}.Debug|x86.ActiveCfg = Debug|Any CPU
		{F8B89C6B-8563-4B48-A1E4-B44708D93984}.Debug|x86.Build.0 = Debug|Any CPU
		{F8B89C6B-8563-4B48-A1E4-B44708D93984}.Debug|x86.Deploy.0 = Debug|Any CPU
		{F8B89C6B-8563-4B48-A1E4-B44708D93984}.Release|Any CPU.ActiveCfg = Release|Any CPU
		{F8B89C6B-8563-4B48-A1E4-B44708D93984}.Release|Any CPU.Build.0 = Release|Any CPU
		{F8B89C6B-8563-4B48-A1E4-B44708D93984}.Release|Any CPU.Deploy.0 = Release|Any CPU
		{F8B89C6B-8563-4B48-A1E4-B44708D93984}.Release|ARM.ActiveCfg = Release|Any CPU
		{F8B89C6B-8563-4B48-A1E4-B44708D93984}.Release|ARM.Build.0 = Release|Any CPU
		{F8B89C6B-8563-4B48-A1E4-B44708D93984}.Release|ARM.Deploy.0 = Release|Any CPU
		{F8B89C6B-8563-4B48-A1E4-B44708D93984}.Release|iPhone.ActiveCfg = Release|Any CPU
		{F8B89C6B-8563-4B48-A1E4-B44708D93984}.Release|iPhone.Build.0 = Release|Any CPU
		{F8B89C6B-8563-4B48-A1E4-B44708D93984}.Release|iPhone.Deploy.0 = Release|Any CPU
		{F8B89C6B-8563-4B48-A1E4-B44708D93984}.Release|iPhoneSimulator.ActiveCfg = Release|Any CPU
		{F8B89C6B-8563-4B48-A1E4-B44708D93984}.Release|iPhoneSimulator.Build.0 = Release|Any CPU
		{F8B89C6B-8563-4B48-A1E4-B44708D93984}.Release|iPhoneSimulator.Deploy.0 = Release|Any CPU
		{F8B89C6B-8563-4B48-A1E4-B44708D93984}.Release|x64.ActiveCfg = Release|Any CPU
		{F8B89C6B-8563-4B48-A1E4-B44708D93984}.Release|x64.Build.0 = Release|Any CPU
		{F8B89C6B-8563-4B48-A1E4-B44708D93984}.Release|x64.Deploy.0 = Release|Any CPU
		{F8B89C6B-8563-4B48-A1E4-B44708D93984}.Release|x86.ActiveCfg = Release|Any CPU
		{F8B89C6B-8563-4B48-A1E4-B44708D93984}.Release|x86.Build.0 = Release|Any CPU
		{F8B89C6B-8563-4B48-A1E4-B44708D93984}.Release|x86.Deploy.0 = Release|Any CPU
		{C3CF8BB9-D44C-43C3-B6DF-2ADFF967EB40}.Ad-Hoc|Any CPU.ActiveCfg = Ad-Hoc|iPhone
		{C3CF8BB9-D44C-43C3-B6DF-2ADFF967EB40}.Ad-Hoc|ARM.ActiveCfg = Ad-Hoc|iPhone
		{C3CF8BB9-D44C-43C3-B6DF-2ADFF967EB40}.Ad-Hoc|iPhone.ActiveCfg = Ad-Hoc|iPhone
		{C3CF8BB9-D44C-43C3-B6DF-2ADFF967EB40}.Ad-Hoc|iPhone.Build.0 = Ad-Hoc|iPhone
		{C3CF8BB9-D44C-43C3-B6DF-2ADFF967EB40}.Ad-Hoc|iPhoneSimulator.ActiveCfg = Ad-Hoc|iPhoneSimulator
		{C3CF8BB9-D44C-43C3-B6DF-2ADFF967EB40}.Ad-Hoc|iPhoneSimulator.Build.0 = Ad-Hoc|iPhoneSimulator
		{C3CF8BB9-D44C-43C3-B6DF-2ADFF967EB40}.Ad-Hoc|x64.ActiveCfg = Ad-Hoc|iPhone
		{C3CF8BB9-D44C-43C3-B6DF-2ADFF967EB40}.Ad-Hoc|x86.ActiveCfg = Ad-Hoc|iPhone
		{C3CF8BB9-D44C-43C3-B6DF-2ADFF967EB40}.AppStore|Any CPU.ActiveCfg = AppStore|iPhone
		{C3CF8BB9-D44C-43C3-B6DF-2ADFF967EB40}.AppStore|ARM.ActiveCfg = AppStore|iPhone
		{C3CF8BB9-D44C-43C3-B6DF-2ADFF967EB40}.AppStore|iPhone.ActiveCfg = AppStore|iPhone
		{C3CF8BB9-D44C-43C3-B6DF-2ADFF967EB40}.AppStore|iPhone.Build.0 = AppStore|iPhone
		{C3CF8BB9-D44C-43C3-B6DF-2ADFF967EB40}.AppStore|iPhoneSimulator.ActiveCfg = AppStore|iPhoneSimulator
		{C3CF8BB9-D44C-43C3-B6DF-2ADFF967EB40}.AppStore|iPhoneSimulator.Build.0 = AppStore|iPhoneSimulator
		{C3CF8BB9-D44C-43C3-B6DF-2ADFF967EB40}.AppStore|x64.ActiveCfg = AppStore|iPhone
		{C3CF8BB9-D44C-43C3-B6DF-2ADFF967EB40}.AppStore|x86.ActiveCfg = AppStore|iPhone
		{C3CF8BB9-D44C-43C3-B6DF-2ADFF967EB40}.Debug|Any CPU.ActiveCfg = Debug|iPhone
		{C3CF8BB9-D44C-43C3-B6DF-2ADFF967EB40}.Debug|ARM.ActiveCfg = Debug|iPhone
		{C3CF8BB9-D44C-43C3-B6DF-2ADFF967EB40}.Debug|iPhone.ActiveCfg = Debug|iPhone
		{C3CF8BB9-D44C-43C3-B6DF-2ADFF967EB40}.Debug|iPhone.Build.0 = Debug|iPhone
		{C3CF8BB9-D44C-43C3-B6DF-2ADFF967EB40}.Debug|iPhoneSimulator.ActiveCfg = Debug|iPhoneSimulator
		{C3CF8BB9-D44C-43C3-B6DF-2ADFF967EB40}.Debug|iPhoneSimulator.Build.0 = Debug|iPhoneSimulator
		{C3CF8BB9-D44C-43C3-B6DF-2ADFF967EB40}.Debug|x64.ActiveCfg = Debug|iPhone
		{C3CF8BB9-D44C-43C3-B6DF-2ADFF967EB40}.Debug|x86.ActiveCfg = Debug|iPhone
		{C3CF8BB9-D44C-43C3-B6DF-2ADFF967EB40}.Release|Any CPU.ActiveCfg = Release|iPhone
		{C3CF8BB9-D44C-43C3-B6DF-2ADFF967EB40}.Release|ARM.ActiveCfg = Release|iPhone
		{C3CF8BB9-D44C-43C3-B6DF-2ADFF967EB40}.Release|iPhone.ActiveCfg = Release|iPhone
		{C3CF8BB9-D44C-43C3-B6DF-2ADFF967EB40}.Release|iPhone.Build.0 = Release|iPhone
		{C3CF8BB9-D44C-43C3-B6DF-2ADFF967EB40}.Release|iPhoneSimulator.ActiveCfg = Release|iPhoneSimulator
		{C3CF8BB9-D44C-43C3-B6DF-2ADFF967EB40}.Release|iPhoneSimulator.Build.0 = Release|iPhoneSimulator
		{C3CF8BB9-D44C-43C3-B6DF-2ADFF967EB40}.Release|x64.ActiveCfg = Release|iPhone
		{C3CF8BB9-D44C-43C3-B6DF-2ADFF967EB40}.Release|x86.ActiveCfg = Release|iPhone
		{2D89F1EC-66CA-482D-B687-BBCE1AD69064}.Ad-Hoc|Any CPU.ActiveCfg = Release|Any CPU
		{2D89F1EC-66CA-482D-B687-BBCE1AD69064}.Ad-Hoc|Any CPU.Build.0 = Release|Any CPU
		{2D89F1EC-66CA-482D-B687-BBCE1AD69064}.Ad-Hoc|Any CPU.Deploy.0 = Release|Any CPU
		{2D89F1EC-66CA-482D-B687-BBCE1AD69064}.Ad-Hoc|ARM.ActiveCfg = Release|ARM
		{2D89F1EC-66CA-482D-B687-BBCE1AD69064}.Ad-Hoc|ARM.Build.0 = Release|ARM
		{2D89F1EC-66CA-482D-B687-BBCE1AD69064}.Ad-Hoc|ARM.Deploy.0 = Release|ARM
		{2D89F1EC-66CA-482D-B687-BBCE1AD69064}.Ad-Hoc|iPhone.ActiveCfg = Release|Any CPU
		{2D89F1EC-66CA-482D-B687-BBCE1AD69064}.Ad-Hoc|iPhone.Build.0 = Release|Any CPU
		{2D89F1EC-66CA-482D-B687-BBCE1AD69064}.Ad-Hoc|iPhone.Deploy.0 = Release|Any CPU
		{2D89F1EC-66CA-482D-B687-BBCE1AD69064}.Ad-Hoc|iPhoneSimulator.ActiveCfg = Release|Any CPU
		{2D89F1EC-66CA-482D-B687-BBCE1AD69064}.Ad-Hoc|iPhoneSimulator.Build.0 = Release|Any CPU
		{2D89F1EC-66CA-482D-B687-BBCE1AD69064}.Ad-Hoc|iPhoneSimulator.Deploy.0 = Release|Any CPU
		{2D89F1EC-66CA-482D-B687-BBCE1AD69064}.Ad-Hoc|x64.ActiveCfg = Release|Any CPU
		{2D89F1EC-66CA-482D-B687-BBCE1AD69064}.Ad-Hoc|x64.Build.0 = Release|Any CPU
		{2D89F1EC-66CA-482D-B687-BBCE1AD69064}.Ad-Hoc|x64.Deploy.0 = Release|Any CPU
		{2D89F1EC-66CA-482D-B687-BBCE1AD69064}.Ad-Hoc|x86.ActiveCfg = Release|x86
		{2D89F1EC-66CA-482D-B687-BBCE1AD69064}.Ad-Hoc|x86.Build.0 = Release|x86
		{2D89F1EC-66CA-482D-B687-BBCE1AD69064}.Ad-Hoc|x86.Deploy.0 = Release|x86
		{2D89F1EC-66CA-482D-B687-BBCE1AD69064}.AppStore|Any CPU.ActiveCfg = Release|Any CPU
		{2D89F1EC-66CA-482D-B687-BBCE1AD69064}.AppStore|Any CPU.Build.0 = Release|Any CPU
		{2D89F1EC-66CA-482D-B687-BBCE1AD69064}.AppStore|Any CPU.Deploy.0 = Release|Any CPU
		{2D89F1EC-66CA-482D-B687-BBCE1AD69064}.AppStore|ARM.ActiveCfg = Release|ARM
		{2D89F1EC-66CA-482D-B687-BBCE1AD69064}.AppStore|ARM.Build.0 = Release|ARM
		{2D89F1EC-66CA-482D-B687-BBCE1AD69064}.AppStore|ARM.Deploy.0 = Release|ARM
		{2D89F1EC-66CA-482D-B687-BBCE1AD69064}.AppStore|iPhone.ActiveCfg = Release|Any CPU
		{2D89F1EC-66CA-482D-B687-BBCE1AD69064}.AppStore|iPhone.Build.0 = Release|Any CPU
		{2D89F1EC-66CA-482D-B687-BBCE1AD69064}.AppStore|iPhone.Deploy.0 = Release|Any CPU
		{2D89F1EC-66CA-482D-B687-BBCE1AD69064}.AppStore|iPhoneSimulator.ActiveCfg = Release|Any CPU
		{2D89F1EC-66CA-482D-B687-BBCE1AD69064}.AppStore|iPhoneSimulator.Build.0 = Release|Any CPU
		{2D89F1EC-66CA-482D-B687-BBCE1AD69064}.AppStore|iPhoneSimulator.Deploy.0 = Release|Any CPU
		{2D89F1EC-66CA-482D-B687-BBCE1AD69064}.AppStore|x64.ActiveCfg = Release|Any CPU
		{2D89F1EC-66CA-482D-B687-BBCE1AD69064}.AppStore|x64.Build.0 = Release|Any CPU
		{2D89F1EC-66CA-482D-B687-BBCE1AD69064}.AppStore|x64.Deploy.0 = Release|Any CPU
		{2D89F1EC-66CA-482D-B687-BBCE1AD69064}.AppStore|x86.ActiveCfg = Release|x86
		{2D89F1EC-66CA-482D-B687-BBCE1AD69064}.AppStore|x86.Build.0 = Release|x86
		{2D89F1EC-66CA-482D-B687-BBCE1AD69064}.AppStore|x86.Deploy.0 = Release|x86
		{2D89F1EC-66CA-482D-B687-BBCE1AD69064}.Debug|Any CPU.ActiveCfg = Debug|Any CPU
		{2D89F1EC-66CA-482D-B687-BBCE1AD69064}.Debug|Any CPU.Build.0 = Debug|Any CPU
		{2D89F1EC-66CA-482D-B687-BBCE1AD69064}.Debug|Any CPU.Deploy.0 = Debug|Any CPU
		{2D89F1EC-66CA-482D-B687-BBCE1AD69064}.Debug|ARM.ActiveCfg = Debug|ARM
		{2D89F1EC-66CA-482D-B687-BBCE1AD69064}.Debug|ARM.Build.0 = Debug|ARM
		{2D89F1EC-66CA-482D-B687-BBCE1AD69064}.Debug|ARM.Deploy.0 = Debug|ARM
		{2D89F1EC-66CA-482D-B687-BBCE1AD69064}.Debug|iPhone.ActiveCfg = Debug|Any CPU
		{2D89F1EC-66CA-482D-B687-BBCE1AD69064}.Debug|iPhone.Build.0 = Debug|Any CPU
		{2D89F1EC-66CA-482D-B687-BBCE1AD69064}.Debug|iPhone.Deploy.0 = Debug|Any CPU
		{2D89F1EC-66CA-482D-B687-BBCE1AD69064}.Debug|iPhoneSimulator.ActiveCfg = Debug|Any CPU
		{2D89F1EC-66CA-482D-B687-BBCE1AD69064}.Debug|iPhoneSimulator.Build.0 = Debug|Any CPU
		{2D89F1EC-66CA-482D-B687-BBCE1AD69064}.Debug|iPhoneSimulator.Deploy.0 = Debug|Any CPU
		{2D89F1EC-66CA-482D-B687-BBCE1AD69064}.Debug|x64.ActiveCfg = Debug|Any CPU
		{2D89F1EC-66CA-482D-B687-BBCE1AD69064}.Debug|x64.Build.0 = Debug|Any CPU
		{2D89F1EC-66CA-482D-B687-BBCE1AD69064}.Debug|x64.Deploy.0 = Debug|Any CPU
		{2D89F1EC-66CA-482D-B687-BBCE1AD69064}.Debug|x86.ActiveCfg = Debug|x86
		{2D89F1EC-66CA-482D-B687-BBCE1AD69064}.Debug|x86.Build.0 = Debug|x86
		{2D89F1EC-66CA-482D-B687-BBCE1AD69064}.Debug|x86.Deploy.0 = Debug|x86
		{2D89F1EC-66CA-482D-B687-BBCE1AD69064}.Release|Any CPU.ActiveCfg = Release|Any CPU
		{2D89F1EC-66CA-482D-B687-BBCE1AD69064}.Release|Any CPU.Build.0 = Release|Any CPU
		{2D89F1EC-66CA-482D-B687-BBCE1AD69064}.Release|Any CPU.Deploy.0 = Release|Any CPU
		{2D89F1EC-66CA-482D-B687-BBCE1AD69064}.Release|ARM.ActiveCfg = Release|ARM
		{2D89F1EC-66CA-482D-B687-BBCE1AD69064}.Release|ARM.Build.0 = Release|ARM
		{2D89F1EC-66CA-482D-B687-BBCE1AD69064}.Release|ARM.Deploy.0 = Release|ARM
		{2D89F1EC-66CA-482D-B687-BBCE1AD69064}.Release|iPhone.ActiveCfg = Release|Any CPU
		{2D89F1EC-66CA-482D-B687-BBCE1AD69064}.Release|iPhone.Build.0 = Release|Any CPU
		{2D89F1EC-66CA-482D-B687-BBCE1AD69064}.Release|iPhone.Deploy.0 = Release|Any CPU
		{2D89F1EC-66CA-482D-B687-BBCE1AD69064}.Release|iPhoneSimulator.ActiveCfg = Release|Any CPU
		{2D89F1EC-66CA-482D-B687-BBCE1AD69064}.Release|iPhoneSimulator.Build.0 = Release|Any CPU
		{2D89F1EC-66CA-482D-B687-BBCE1AD69064}.Release|iPhoneSimulator.Deploy.0 = Release|Any CPU
		{2D89F1EC-66CA-482D-B687-BBCE1AD69064}.Release|x64.ActiveCfg = Release|Any CPU
		{2D89F1EC-66CA-482D-B687-BBCE1AD69064}.Release|x64.Build.0 = Release|Any CPU
		{2D89F1EC-66CA-482D-B687-BBCE1AD69064}.Release|x64.Deploy.0 = Release|Any CPU
		{2D89F1EC-66CA-482D-B687-BBCE1AD69064}.Release|x86.ActiveCfg = Release|x86
		{2D89F1EC-66CA-482D-B687-BBCE1AD69064}.Release|x86.Build.0 = Release|x86
		{2D89F1EC-66CA-482D-B687-BBCE1AD69064}.Release|x86.Deploy.0 = Release|x86
		{7A97E8AB-9155-4773-A9C8-62548B331E08}.Ad-Hoc|Any CPU.ActiveCfg = Release|x86
		{7A97E8AB-9155-4773-A9C8-62548B331E08}.Ad-Hoc|Any CPU.Build.0 = Release|x86
		{7A97E8AB-9155-4773-A9C8-62548B331E08}.Ad-Hoc|Any CPU.Deploy.0 = Release|x86
		{7A97E8AB-9155-4773-A9C8-62548B331E08}.Ad-Hoc|ARM.ActiveCfg = Release|ARM
		{7A97E8AB-9155-4773-A9C8-62548B331E08}.Ad-Hoc|ARM.Build.0 = Release|ARM
		{7A97E8AB-9155-4773-A9C8-62548B331E08}.Ad-Hoc|ARM.Deploy.0 = Release|ARM
		{7A97E8AB-9155-4773-A9C8-62548B331E08}.Ad-Hoc|iPhone.ActiveCfg = Release|x86
		{7A97E8AB-9155-4773-A9C8-62548B331E08}.Ad-Hoc|iPhone.Build.0 = Release|x86
		{7A97E8AB-9155-4773-A9C8-62548B331E08}.Ad-Hoc|iPhone.Deploy.0 = Release|x86
		{7A97E8AB-9155-4773-A9C8-62548B331E08}.Ad-Hoc|iPhoneSimulator.ActiveCfg = Release|x86
		{7A97E8AB-9155-4773-A9C8-62548B331E08}.Ad-Hoc|iPhoneSimulator.Build.0 = Release|x86
		{7A97E8AB-9155-4773-A9C8-62548B331E08}.Ad-Hoc|iPhoneSimulator.Deploy.0 = Release|x86
		{7A97E8AB-9155-4773-A9C8-62548B331E08}.Ad-Hoc|x64.ActiveCfg = Release|x64
		{7A97E8AB-9155-4773-A9C8-62548B331E08}.Ad-Hoc|x64.Build.0 = Release|x64
		{7A97E8AB-9155-4773-A9C8-62548B331E08}.Ad-Hoc|x64.Deploy.0 = Release|x64
		{7A97E8AB-9155-4773-A9C8-62548B331E08}.Ad-Hoc|x86.ActiveCfg = Release|x86
		{7A97E8AB-9155-4773-A9C8-62548B331E08}.Ad-Hoc|x86.Build.0 = Release|x86
		{7A97E8AB-9155-4773-A9C8-62548B331E08}.Ad-Hoc|x86.Deploy.0 = Release|x86
		{7A97E8AB-9155-4773-A9C8-62548B331E08}.AppStore|Any CPU.ActiveCfg = Release|x86
		{7A97E8AB-9155-4773-A9C8-62548B331E08}.AppStore|Any CPU.Build.0 = Release|x86
		{7A97E8AB-9155-4773-A9C8-62548B331E08}.AppStore|Any CPU.Deploy.0 = Release|x86
		{7A97E8AB-9155-4773-A9C8-62548B331E08}.AppStore|ARM.ActiveCfg = Release|ARM
		{7A97E8AB-9155-4773-A9C8-62548B331E08}.AppStore|ARM.Build.0 = Release|ARM
		{7A97E8AB-9155-4773-A9C8-62548B331E08}.AppStore|ARM.Deploy.0 = Release|ARM
		{7A97E8AB-9155-4773-A9C8-62548B331E08}.AppStore|iPhone.ActiveCfg = Release|x86
		{7A97E8AB-9155-4773-A9C8-62548B331E08}.AppStore|iPhone.Build.0 = Release|x86
		{7A97E8AB-9155-4773-A9C8-62548B331E08}.AppStore|iPhone.Deploy.0 = Release|x86
		{7A97E8AB-9155-4773-A9C8-62548B331E08}.AppStore|iPhoneSimulator.ActiveCfg = Release|x86
		{7A97E8AB-9155-4773-A9C8-62548B331E08}.AppStore|iPhoneSimulator.Build.0 = Release|x86
		{7A97E8AB-9155-4773-A9C8-62548B331E08}.AppStore|iPhoneSimulator.Deploy.0 = Release|x86
		{7A97E8AB-9155-4773-A9C8-62548B331E08}.AppStore|x64.ActiveCfg = Release|x64
		{7A97E8AB-9155-4773-A9C8-62548B331E08}.AppStore|x64.Build.0 = Release|x64
		{7A97E8AB-9155-4773-A9C8-62548B331E08}.AppStore|x64.Deploy.0 = Release|x64
		{7A97E8AB-9155-4773-A9C8-62548B331E08}.AppStore|x86.ActiveCfg = Release|x86
		{7A97E8AB-9155-4773-A9C8-62548B331E08}.AppStore|x86.Build.0 = Release|x86
		{7A97E8AB-9155-4773-A9C8-62548B331E08}.AppStore|x86.Deploy.0 = Release|x86
		{7A97E8AB-9155-4773-A9C8-62548B331E08}.Debug|Any CPU.ActiveCfg = Debug|x86
		{7A97E8AB-9155-4773-A9C8-62548B331E08}.Debug|ARM.ActiveCfg = Debug|ARM
		{7A97E8AB-9155-4773-A9C8-62548B331E08}.Debug|ARM.Build.0 = Debug|ARM
		{7A97E8AB-9155-4773-A9C8-62548B331E08}.Debug|ARM.Deploy.0 = Debug|ARM
		{7A97E8AB-9155-4773-A9C8-62548B331E08}.Debug|iPhone.ActiveCfg = Debug|x86
		{7A97E8AB-9155-4773-A9C8-62548B331E08}.Debug|iPhoneSimulator.ActiveCfg = Debug|x86
		{7A97E8AB-9155-4773-A9C8-62548B331E08}.Debug|x64.ActiveCfg = Debug|x64
		{7A97E8AB-9155-4773-A9C8-62548B331E08}.Debug|x64.Build.0 = Debug|x64
		{7A97E8AB-9155-4773-A9C8-62548B331E08}.Debug|x64.Deploy.0 = Debug|x64
		{7A97E8AB-9155-4773-A9C8-62548B331E08}.Debug|x86.ActiveCfg = Debug|x86
		{7A97E8AB-9155-4773-A9C8-62548B331E08}.Debug|x86.Build.0 = Debug|x86
		{7A97E8AB-9155-4773-A9C8-62548B331E08}.Debug|x86.Deploy.0 = Debug|x86
		{7A97E8AB-9155-4773-A9C8-62548B331E08}.Release|Any CPU.ActiveCfg = Release|x86
		{7A97E8AB-9155-4773-A9C8-62548B331E08}.Release|ARM.ActiveCfg = Release|ARM
		{7A97E8AB-9155-4773-A9C8-62548B331E08}.Release|ARM.Build.0 = Release|ARM
		{7A97E8AB-9155-4773-A9C8-62548B331E08}.Release|ARM.Deploy.0 = Release|ARM
		{7A97E8AB-9155-4773-A9C8-62548B331E08}.Release|iPhone.ActiveCfg = Release|x86
		{7A97E8AB-9155-4773-A9C8-62548B331E08}.Release|iPhoneSimulator.ActiveCfg = Release|x86
		{7A97E8AB-9155-4773-A9C8-62548B331E08}.Release|x64.ActiveCfg = Release|x64
		{7A97E8AB-9155-4773-A9C8-62548B331E08}.Release|x64.Build.0 = Release|x64
		{7A97E8AB-9155-4773-A9C8-62548B331E08}.Release|x64.Deploy.0 = Release|x64
		{7A97E8AB-9155-4773-A9C8-62548B331E08}.Release|x86.ActiveCfg = Release|x86
		{7A97E8AB-9155-4773-A9C8-62548B331E08}.Release|x86.Build.0 = Release|x86
		{7A97E8AB-9155-4773-A9C8-62548B331E08}.Release|x86.Deploy.0 = Release|x86
		{C7241DBF-4870-4DAF-AFD7-C5E321A3EB60}.Ad-Hoc|Any CPU.ActiveCfg = Release|Any CPU
		{C7241DBF-4870-4DAF-AFD7-C5E321A3EB60}.Ad-Hoc|Any CPU.Build.0 = Release|Any CPU
		{C7241DBF-4870-4DAF-AFD7-C5E321A3EB60}.Ad-Hoc|Any CPU.Deploy.0 = Release|Any CPU
		{C7241DBF-4870-4DAF-AFD7-C5E321A3EB60}.Ad-Hoc|ARM.ActiveCfg = Release|ARM
		{C7241DBF-4870-4DAF-AFD7-C5E321A3EB60}.Ad-Hoc|ARM.Build.0 = Release|ARM
		{C7241DBF-4870-4DAF-AFD7-C5E321A3EB60}.Ad-Hoc|ARM.Deploy.0 = Release|ARM
		{C7241DBF-4870-4DAF-AFD7-C5E321A3EB60}.Ad-Hoc|iPhone.ActiveCfg = Release|Any CPU
		{C7241DBF-4870-4DAF-AFD7-C5E321A3EB60}.Ad-Hoc|iPhone.Build.0 = Release|Any CPU
		{C7241DBF-4870-4DAF-AFD7-C5E321A3EB60}.Ad-Hoc|iPhone.Deploy.0 = Release|Any CPU
		{C7241DBF-4870-4DAF-AFD7-C5E321A3EB60}.Ad-Hoc|iPhoneSimulator.ActiveCfg = Release|Any CPU
		{C7241DBF-4870-4DAF-AFD7-C5E321A3EB60}.Ad-Hoc|iPhoneSimulator.Build.0 = Release|Any CPU
		{C7241DBF-4870-4DAF-AFD7-C5E321A3EB60}.Ad-Hoc|iPhoneSimulator.Deploy.0 = Release|Any CPU
		{C7241DBF-4870-4DAF-AFD7-C5E321A3EB60}.Ad-Hoc|x64.ActiveCfg = Release|x64
		{C7241DBF-4870-4DAF-AFD7-C5E321A3EB60}.Ad-Hoc|x64.Build.0 = Release|x64
		{C7241DBF-4870-4DAF-AFD7-C5E321A3EB60}.Ad-Hoc|x64.Deploy.0 = Release|x64
		{C7241DBF-4870-4DAF-AFD7-C5E321A3EB60}.Ad-Hoc|x86.ActiveCfg = Release|x86
		{C7241DBF-4870-4DAF-AFD7-C5E321A3EB60}.Ad-Hoc|x86.Build.0 = Release|x86
		{C7241DBF-4870-4DAF-AFD7-C5E321A3EB60}.Ad-Hoc|x86.Deploy.0 = Release|x86
		{C7241DBF-4870-4DAF-AFD7-C5E321A3EB60}.AppStore|Any CPU.ActiveCfg = Release|Any CPU
		{C7241DBF-4870-4DAF-AFD7-C5E321A3EB60}.AppStore|Any CPU.Build.0 = Release|Any CPU
		{C7241DBF-4870-4DAF-AFD7-C5E321A3EB60}.AppStore|Any CPU.Deploy.0 = Release|Any CPU
		{C7241DBF-4870-4DAF-AFD7-C5E321A3EB60}.AppStore|ARM.ActiveCfg = Release|ARM
		{C7241DBF-4870-4DAF-AFD7-C5E321A3EB60}.AppStore|ARM.Build.0 = Release|ARM
		{C7241DBF-4870-4DAF-AFD7-C5E321A3EB60}.AppStore|ARM.Deploy.0 = Release|ARM
		{C7241DBF-4870-4DAF-AFD7-C5E321A3EB60}.AppStore|iPhone.ActiveCfg = Release|Any CPU
		{C7241DBF-4870-4DAF-AFD7-C5E321A3EB60}.AppStore|iPhone.Build.0 = Release|Any CPU
		{C7241DBF-4870-4DAF-AFD7-C5E321A3EB60}.AppStore|iPhone.Deploy.0 = Release|Any CPU
		{C7241DBF-4870-4DAF-AFD7-C5E321A3EB60}.AppStore|iPhoneSimulator.ActiveCfg = Release|Any CPU
		{C7241DBF-4870-4DAF-AFD7-C5E321A3EB60}.AppStore|iPhoneSimulator.Build.0 = Release|Any CPU
		{C7241DBF-4870-4DAF-AFD7-C5E321A3EB60}.AppStore|iPhoneSimulator.Deploy.0 = Release|Any CPU
		{C7241DBF-4870-4DAF-AFD7-C5E321A3EB60}.AppStore|x64.ActiveCfg = Release|x64
		{C7241DBF-4870-4DAF-AFD7-C5E321A3EB60}.AppStore|x64.Build.0 = Release|x64
		{C7241DBF-4870-4DAF-AFD7-C5E321A3EB60}.AppStore|x64.Deploy.0 = Release|x64
		{C7241DBF-4870-4DAF-AFD7-C5E321A3EB60}.AppStore|x86.ActiveCfg = Release|x86
		{C7241DBF-4870-4DAF-AFD7-C5E321A3EB60}.AppStore|x86.Build.0 = Release|x86
		{C7241DBF-4870-4DAF-AFD7-C5E321A3EB60}.AppStore|x86.Deploy.0 = Release|x86
		{C7241DBF-4870-4DAF-AFD7-C5E321A3EB60}.Debug|Any CPU.ActiveCfg = Debug|Any CPU
		{C7241DBF-4870-4DAF-AFD7-C5E321A3EB60}.Debug|Any CPU.Build.0 = Debug|Any CPU
		{C7241DBF-4870-4DAF-AFD7-C5E321A3EB60}.Debug|Any CPU.Deploy.0 = Debug|Any CPU
		{C7241DBF-4870-4DAF-AFD7-C5E321A3EB60}.Debug|ARM.ActiveCfg = Debug|ARM
		{C7241DBF-4870-4DAF-AFD7-C5E321A3EB60}.Debug|ARM.Build.0 = Debug|ARM
		{C7241DBF-4870-4DAF-AFD7-C5E321A3EB60}.Debug|ARM.Deploy.0 = Debug|ARM
		{C7241DBF-4870-4DAF-AFD7-C5E321A3EB60}.Debug|iPhone.ActiveCfg = Debug|Any CPU
		{C7241DBF-4870-4DAF-AFD7-C5E321A3EB60}.Debug|iPhone.Build.0 = Debug|Any CPU
		{C7241DBF-4870-4DAF-AFD7-C5E321A3EB60}.Debug|iPhone.Deploy.0 = Debug|Any CPU
		{C7241DBF-4870-4DAF-AFD7-C5E321A3EB60}.Debug|iPhoneSimulator.ActiveCfg = Debug|Any CPU
		{C7241DBF-4870-4DAF-AFD7-C5E321A3EB60}.Debug|iPhoneSimulator.Build.0 = Debug|Any CPU
		{C7241DBF-4870-4DAF-AFD7-C5E321A3EB60}.Debug|iPhoneSimulator.Deploy.0 = Debug|Any CPU
		{C7241DBF-4870-4DAF-AFD7-C5E321A3EB60}.Debug|x64.ActiveCfg = Debug|x64
		{C7241DBF-4870-4DAF-AFD7-C5E321A3EB60}.Debug|x64.Build.0 = Debug|x64
		{C7241DBF-4870-4DAF-AFD7-C5E321A3EB60}.Debug|x64.Deploy.0 = Debug|x64
		{C7241DBF-4870-4DAF-AFD7-C5E321A3EB60}.Debug|x86.ActiveCfg = Debug|x86
		{C7241DBF-4870-4DAF-AFD7-C5E321A3EB60}.Debug|x86.Build.0 = Debug|x86
		{C7241DBF-4870-4DAF-AFD7-C5E321A3EB60}.Debug|x86.Deploy.0 = Debug|x86
		{C7241DBF-4870-4DAF-AFD7-C5E321A3EB60}.Release|Any CPU.ActiveCfg = Release|Any CPU
		{C7241DBF-4870-4DAF-AFD7-C5E321A3EB60}.Release|Any CPU.Build.0 = Release|Any CPU
		{C7241DBF-4870-4DAF-AFD7-C5E321A3EB60}.Release|Any CPU.Deploy.0 = Release|Any CPU
		{C7241DBF-4870-4DAF-AFD7-C5E321A3EB60}.Release|ARM.ActiveCfg = Release|ARM
		{C7241DBF-4870-4DAF-AFD7-C5E321A3EB60}.Release|ARM.Build.0 = Release|ARM
		{C7241DBF-4870-4DAF-AFD7-C5E321A3EB60}.Release|ARM.Deploy.0 = Release|ARM
		{C7241DBF-4870-4DAF-AFD7-C5E321A3EB60}.Release|iPhone.ActiveCfg = Release|Any CPU
		{C7241DBF-4870-4DAF-AFD7-C5E321A3EB60}.Release|iPhone.Build.0 = Release|Any CPU
		{C7241DBF-4870-4DAF-AFD7-C5E321A3EB60}.Release|iPhone.Deploy.0 = Release|Any CPU
		{C7241DBF-4870-4DAF-AFD7-C5E321A3EB60}.Release|iPhoneSimulator.ActiveCfg = Release|Any CPU
		{C7241DBF-4870-4DAF-AFD7-C5E321A3EB60}.Release|iPhoneSimulator.Build.0 = Release|Any CPU
		{C7241DBF-4870-4DAF-AFD7-C5E321A3EB60}.Release|iPhoneSimulator.Deploy.0 = Release|Any CPU
		{C7241DBF-4870-4DAF-AFD7-C5E321A3EB60}.Release|x64.ActiveCfg = Release|x64
		{C7241DBF-4870-4DAF-AFD7-C5E321A3EB60}.Release|x64.Build.0 = Release|x64
		{C7241DBF-4870-4DAF-AFD7-C5E321A3EB60}.Release|x64.Deploy.0 = Release|x64
		{C7241DBF-4870-4DAF-AFD7-C5E321A3EB60}.Release|x86.ActiveCfg = Release|x86
		{C7241DBF-4870-4DAF-AFD7-C5E321A3EB60}.Release|x86.Build.0 = Release|x86
		{C7241DBF-4870-4DAF-AFD7-C5E321A3EB60}.Release|x86.Deploy.0 = Release|x86
	EndGlobalSection
	GlobalSection(SolutionProperties) = preSolution
		HideSolutionNode = FALSE
	EndGlobalSection
EndGlobal
